// !$*UTF8*$!
{
	archiveVersion = 1;
	classes = {
	};
	objectVersion = 54;
	objects = {

/* Begin PBXBuildFile section */
		D805F94D27A1BD9800DFBC20 /* AutoOrientView.swift in Sources */ = {isa = PBXBuildFile; fileRef = D805F94C27A1BD9800DFBC20 /* AutoOrientView.swift */; };
		D805F95127A1D7FF00DFBC20 /* License.txt in Resources */ = {isa = PBXBuildFile; fileRef = D805F95027A1D7FF00DFBC20 /* License.txt */; };
		D80925612772939A00121E12 /* Graphics+CoreGraphics.swift in Sources */ = {isa = PBXBuildFile; fileRef = D80925602772939A00121E12 /* Graphics+CoreGraphics.swift */; };
		D80A9CBC27A48BED00E49AD8 /* ApplicationSection.swift in Sources */ = {isa = PBXBuildFile; fileRef = D80A9CBB27A48BED00E49AD8 /* ApplicationSection.swift */; };
		D80A9CBE27A4A35E00E49AD8 /* UIDevice.swift in Sources */ = {isa = PBXBuildFile; fileRef = D80A9CBD27A4A35E00E49AD8 /* UIDevice.swift */; };
		D80A9CC027A4AF9200E49AD8 /* TaskManager+UIKit.swift in Sources */ = {isa = PBXBuildFile; fileRef = D80A9CBF27A4AF9200E49AD8 /* TaskManager+UIKit.swift */; };
		D80A9CC227A4B66400E49AD8 /* SourceViewController.swift in Sources */ = {isa = PBXBuildFile; fileRef = D80A9CC127A4B66400E49AD8 /* SourceViewController.swift */; };
		D80D65A8279DD2060020F994 /* Icon.swift in Sources */ = {isa = PBXBuildFile; fileRef = D80D65A7279DD2060020F994 /* Icon.swift */; };
		D80D65AA279DDC290020F994 /* IconCollectionViewCell.swift in Sources */ = {isa = PBXBuildFile; fileRef = D80D65A9279DDC290020F994 /* IconCollectionViewCell.swift */; };
		D80D65AC279DDF6B0020F994 /* IconCollectionViewLayout.swift in Sources */ = {isa = PBXBuildFile; fileRef = D80D65AB279DDF6B0020F994 /* IconCollectionViewLayout.swift */; };
		D80D65AE279DE0CE0020F994 /* RunningProgramsViewController.swift in Sources */ = {isa = PBXBuildFile; fileRef = D80D65AD279DE0CE0020F994 /* RunningProgramsViewController.swift */; };
		D80D65B0279E31220020F994 /* Configuration.swift in Sources */ = {isa = PBXBuildFile; fileRef = D80D65AF279E31220020F994 /* Configuration.swift */; };
		D81B4A4927B5AA650051B092 /* IndexableLocationObserver.swift in Sources */ = {isa = PBXBuildFile; fileRef = D81B4A4827B5AA650051B092 /* IndexableLocationObserver.swift */; };
		D81B4A4D27B5CF650051B092 /* UbiquitousDownloader.swift in Sources */ = {isa = PBXBuildFile; fileRef = D81B4A4C27B5CF650051B092 /* UbiquitousDownloader.swift */; };
		D81B875C2790D52C00E71960 /* DrawableViewController.swift in Sources */ = {isa = PBXBuildFile; fileRef = D81B875B2790D52C00E71960 /* DrawableViewController.swift */; };
		D81B875E2790DAAD00E71960 /* InstallerViewController.swift in Sources */ = {isa = PBXBuildFile; fileRef = D81B875D2790DAAD00E71960 /* InstallerViewController.swift */; };
		D81B87612790ECC500E71960 /* InstallerIntroductionViewController.swift in Sources */ = {isa = PBXBuildFile; fileRef = D81B87602790ECC500E71960 /* InstallerIntroductionViewController.swift */; };
		D81B87632790ED0300E71960 /* InstallerSummaryViewController.swift in Sources */ = {isa = PBXBuildFile; fileRef = D81B87622790ED0300E71960 /* InstallerSummaryViewController.swift */; };
		D81C12A8279EF0C0000E70D0 /* AllProgramsViewController.swift in Sources */ = {isa = PBXBuildFile; fileRef = D81C12A7279EF0C0000E70D0 /* AllProgramsViewController.swift */; };
		D82639362783CAE500AB4086 /* TimerRequest.swift in Sources */ = {isa = PBXBuildFile; fileRef = D82639352783CAE500AB4086 /* TimerRequest.swift */; };
		D82A37B827A9B43F00D8F5F4 /* DirectoryMonitor.swift in Sources */ = {isa = PBXBuildFile; fileRef = D82A37B727A9B43F00D8F5F4 /* DirectoryMonitor.swift */; };
		D82D2FCC27AB4FBC001A4283 /* RecursiveDirectoryMonitor.swift in Sources */ = {isa = PBXBuildFile; fileRef = D82D2FCB27AB4FBC001A4283 /* RecursiveDirectoryMonitor.swift */; };
		D82D2FCE27AC3E62001A4283 /* Error.swift in Sources */ = {isa = PBXBuildFile; fileRef = D82D2FCD27AC3E62001A4283 /* Error.swift */; };
		D84ADB162771D937001ABFB4 /* Device.swift in Sources */ = {isa = PBXBuildFile; fileRef = D84ADB152771D937001ABFB4 /* Device.swift */; };
		D84ADB182771DAB9001ABFB4 /* NSNotification.swift in Sources */ = {isa = PBXBuildFile; fileRef = D84ADB172771DAB9001ABFB4 /* NSNotification.swift */; };
		D8535A28277139AB00DFCE29 /* Sound.swift in Sources */ = {isa = PBXBuildFile; fileRef = D8535A27277139AB00DFCE29 /* Sound.swift */; };
		D8535A2A277139D900DFCE29 /* Tone.swift in Sources */ = {isa = PBXBuildFile; fileRef = D8535A29277139D900DFCE29 /* Tone.swift */; };
		D8553768278F535A00ED67C0 /* SettingsView.swift in Sources */ = {isa = PBXBuildFile; fileRef = D8553767278F535A00ED67C0 /* SettingsView.swift */; };
		D85699C627A9948F00E6F6DD /* OpoInterpreter+Utilities.swift in Sources */ = {isa = PBXBuildFile; fileRef = D85699C527A9948F00E6F6DD /* OpoInterpreter+Utilities.swift */; };
		D85F596F27ACB64E006AAF3B /* UIButton.swift in Sources */ = {isa = PBXBuildFile; fileRef = D85F596E27ACB64E006AAF3B /* UIButton.swift */; };
		D85F597127ACB682006AAF3B /* WizardFooterView.swift in Sources */ = {isa = PBXBuildFile; fileRef = D85F597027ACB682006AAF3B /* WizardFooterView.swift */; };
		D861E8DD274A81B4003C8D3D /* Directory.swift in Sources */ = {isa = PBXBuildFile; fileRef = D861E8DC274A81B4003C8D3D /* Directory.swift */; };
		D8632832279C240600B63625 /* UID.swift in Sources */ = {isa = PBXBuildFile; fileRef = D8632831279C240600B63625 /* UID.swift */; };
		D8647C702793540500DCC261 /* TaskManager.swift in Sources */ = {isa = PBXBuildFile; fileRef = D8647C6F2793540500DCC261 /* TaskManager.swift */; };
		D86724F027715B88009C7246 /* Program.swift in Sources */ = {isa = PBXBuildFile; fileRef = D86724EF27715B88009C7246 /* Program.swift */; };
		D86724F22771672A009C7246 /* InterpreterThread.swift in Sources */ = {isa = PBXBuildFile; fileRef = D86724F12771672A009C7246 /* InterpreterThread.swift */; };
		D86E428A2799C0CC00D5596D /* UISplitViewController.swift in Sources */ = {isa = PBXBuildFile; fileRef = D86E42892799C0CC00D5596D /* UISplitViewController.swift */; };
		D86FBAB7278C75E1003DF611 /* Diligence in Frameworks */ = {isa = PBXBuildFile; productRef = D86FBAB6278C75E1003DF611 /* Diligence */; };
		D86FBABA278C76FB003DF611 /* Lua.txt in Resources */ = {isa = PBXBuildFile; fileRef = D86FBAB9278C76FB003DF611 /* Lua.txt */; };
		D87A62742752A67500075CB8 /* CGSize.swift in Sources */ = {isa = PBXBuildFile; fileRef = D87A62732752A67500075CB8 /* CGSize.swift */; };
		D87A9249274C517000254DE9 /* Assets.xcassets in Resources */ = {isa = PBXBuildFile; fileRef = DB79FE6427428294005E904F /* Assets.xcassets */; };
		D884A3D12778E2CB008954A0 /* ObjectFileSystem.swift in Sources */ = {isa = PBXBuildFile; fileRef = D884A3D02778E2CB008954A0 /* ObjectFileSystem.swift */; };
		D884A3D32778E335008954A0 /* FileSystem.swift in Sources */ = {isa = PBXBuildFile; fileRef = D884A3D22778E335008954A0 /* FileSystem.swift */; };
		D884A3D52779025A008954A0 /* SystemFileSystem.swift in Sources */ = {isa = PBXBuildFile; fileRef = D884A3D42779025A008954A0 /* SystemFileSystem.swift */; };
		D884A3D7277914CF008954A0 /* Installer.swift in Sources */ = {isa = PBXBuildFile; fileRef = D884A3D6277914CF008954A0 /* Installer.swift */; };
		D8891342274BF21900794D55 /* ChoiceViewController.swift in Sources */ = {isa = PBXBuildFile; fileRef = D8891341274BF21900794D55 /* ChoiceViewController.swift */; };
		D8891345274BF25D00794D55 /* SwitchTableViewCell.swift in Sources */ = {isa = PBXBuildFile; fileRef = D8891344274BF25D00794D55 /* SwitchTableViewCell.swift */; };
		D889134A274BF3B000794D55 /* TranslucentNavigationController.swift in Sources */ = {isa = PBXBuildFile; fileRef = D8891349274BF3B000794D55 /* TranslucentNavigationController.swift */; };
		D889134D274C17FF00794D55 /* CGContext.swift in Sources */ = {isa = PBXBuildFile; fileRef = D889134C274C17FF00794D55 /* CGContext.swift */; };
		D889134F274C181F00794D55 /* CGPoint.swift in Sources */ = {isa = PBXBuildFile; fileRef = D889134E274C181F00794D55 /* CGPoint.swift */; };
		D8891351274C184C00794D55 /* UIImage.swift in Sources */ = {isa = PBXBuildFile; fileRef = D8891350274C184C00794D55 /* UIImage.swift */; };
		D8891353274C186E00794D55 /* Canvas.swift in Sources */ = {isa = PBXBuildFile; fileRef = D8891352274C186E00794D55 /* Canvas.swift */; };
		D88A472227B82C720094A438 /* ApplicationIdentifier.swift in Sources */ = {isa = PBXBuildFile; fileRef = D88A472127B82C720094A438 /* ApplicationIdentifier.swift */; };
		D88A472427B83D6E0094A438 /* FileMetadataCache.swift in Sources */ = {isa = PBXBuildFile; fileRef = D88A472327B83D6D0094A438 /* FileMetadataCache.swift */; };
		D88A472627B87E0E0094A438 /* ApplicationMetadata.swift in Sources */ = {isa = PBXBuildFile; fileRef = D88A472527B87E0E0094A438 /* ApplicationMetadata.swift */; };
		D890B46727A8CA7B007A7A78 /* ManagedItem.swift in Sources */ = {isa = PBXBuildFile; fileRef = D890B46627A8CA7B007A7A78 /* ManagedItem.swift */; };
		D890B46927A8CBED007A7A78 /* InstallerProgressViewController.swift in Sources */ = {isa = PBXBuildFile; fileRef = D890B46827A8CBED007A7A78 /* InstallerProgressViewController.swift */; };
		D893EAD32760739500E64219 /* Border.swift in Sources */ = {isa = PBXBuildFile; fileRef = D893EAD22760739500E64219 /* Border.swift */; };
		D893EAD5276073CA00E64219 /* Borders in Resources */ = {isa = PBXBuildFile; fileRef = D893EAD4276073CA00E64219 /* Borders */; };
		D89A607A2756A2CC00C9757F /* FileManager.swift in Sources */ = {isa = PBXBuildFile; fileRef = D89A60792756A2CC00C9757F /* FileManager.swift */; };
		D89A607C2756A6A300C9757F /* URL.swift in Sources */ = {isa = PBXBuildFile; fileRef = D89A607B2756A6A300C9757F /* URL.swift */; };
		D89A607E2756A98200C9757F /* ViewController.swift in Sources */ = {isa = PBXBuildFile; fileRef = D89A607D2756A98200C9757F /* ViewController.swift */; };
		D89A60802756AE8800C9757F /* LibraryViewController.swift in Sources */ = {isa = PBXBuildFile; fileRef = D89A607F2756AE8800C9757F /* LibraryViewController.swift */; };
		D89D137927C3411700338298 /* RaiseGitHubIssueActivity.swift in Sources */ = {isa = PBXBuildFile; fileRef = D89D137827C3411700338298 /* RaiseGitHubIssueActivity.swift */; };
		D89F8CEA27AEC48B009F25E5 /* UIViewController.swift in Sources */ = {isa = PBXBuildFile; fileRef = D89F8CE927AEC48B009F25E5 /* UIViewController.swift */; };
		D8B2757527B6840D00DAAFC0 /* RateLimiter.swift in Sources */ = {isa = PBXBuildFile; fileRef = D8B2757427B6840D00DAAFC0 /* RateLimiter.swift */; };
		D8BA0970275196CA00F4730D /* String.swift in Sources */ = {isa = PBXBuildFile; fileRef = D8BA096F275196CA00F4730D /* String.swift */; };
		D8BA09722751BBEA00F4730D /* UIElement.swift in Sources */ = {isa = PBXBuildFile; fileRef = D8BA09712751BBEA00F4730D /* UIElement.swift */; };
		D8C3BD632774BEA1003B1AD0 /* ErrorViewController.swift in Sources */ = {isa = PBXBuildFile; fileRef = D8C3BD622774BEA1003B1AD0 /* ErrorViewController.swift */; };
		D8C3BD652774BEC2003B1AD0 /* Console.swift in Sources */ = {isa = PBXBuildFile; fileRef = D8C3BD642774BEC2003B1AD0 /* Console.swift */; };
		D8C3BD672774BF1F003B1AD0 /* OpoLuaError.swift in Sources */ = {isa = PBXBuildFile; fileRef = D8C3BD662774BF1F003B1AD0 /* OpoLuaError.swift */; };
		D8C3BD6A2774F4A2003B1AD0 /* GameController.framework in Frameworks */ = {isa = PBXBuildFile; fileRef = D8C3BD692774F4A2003B1AD0 /* GameController.framework */; };
		D8C409632C3CF62900C9E857 /* OpoIoHandler_UIKit.swift in Sources */ = {isa = PBXBuildFile; fileRef = D8C409622C3CF62900C9E857 /* OpoIoHandler_UIKit.swift */; };
		D8C409862C3CF6DB00C9E857 /* CGImage.swift in Sources */ = {isa = PBXBuildFile; fileRef = D8C409852C3CF6DB00C9E857 /* CGImage.swift */; };
		D8C43DF527C3EFEF00944A11 /* RootViewController.swift in Sources */ = {isa = PBXBuildFile; fileRef = D8C43DF427C3EFEF00944A11 /* RootViewController.swift */; };
		D8C679BA27483B5600BD8720 /* DirectoryViewController.swift in Sources */ = {isa = PBXBuildFile; fileRef = D8C679B927483B5600BD8720 /* DirectoryViewController.swift */; };
		D8C679BD27484BF400BD8720 /* examples in Resources */ = {isa = PBXBuildFile; fileRef = D8C679BC27484BF400BD8720 /* examples */; };
		D8C712A4275AF50D00D83A3E /* ConcurrentQueue.swift in Sources */ = {isa = PBXBuildFile; fileRef = D8C712A3275AF50D00D83A3E /* ConcurrentQueue.swift */; };
		D8CCACAE27B2FE3D008C8122 /* NSLock.swift in Sources */ = {isa = PBXBuildFile; fileRef = D8CCACAD27B2FE3D008C8122 /* NSLock.swift */; };
		D8CCACB027B2FE59008C8122 /* NSRecursiveLock.swift in Sources */ = {isa = PBXBuildFile; fileRef = D8CCACAF27B2FE59008C8122 /* NSRecursiveLock.swift */; };
		D8D184F527BACAB5004DDFFD /* SoundViewController.swift in Sources */ = {isa = PBXBuildFile; fileRef = D8D184F427BACAB5004DDFFD /* SoundViewController.swift */; };
		D8D44C49279A0B87007340B5 /* TaskManagerViewController.swift in Sources */ = {isa = PBXBuildFile; fileRef = D8D44C48279A0B87007340B5 /* TaskManagerViewController.swift */; };
		D8D50117275928CF008C1BC9 /* Scheduler.swift in Sources */ = {isa = PBXBuildFile; fileRef = D8D50116275928CF008C1BC9 /* Scheduler.swift */; };
		D8D6701527A72B2100D12E96 /* DestinationPickerViewController.swift in Sources */ = {isa = PBXBuildFile; fileRef = D8D6701427A72B2100D12E96 /* DestinationPickerViewController.swift */; };
		D8D95504279B52370049A3C3 /* Localization.swift in Sources */ = {isa = PBXBuildFile; fileRef = D8D95503279B52370049A3C3 /* Localization.swift */; };
		D8D95506279B7B100049A3C3 /* UIColor.swift in Sources */ = {isa = PBXBuildFile; fileRef = D8D95505279B7B100049A3C3 /* UIColor.swift */; };
		D8DCD03E277AC9B300760302 /* WindowServer.swift in Sources */ = {isa = PBXBuildFile; fileRef = D8DCD03D277AC9B300760302 /* WindowServer.swift */; };
		D8DCD040277ACD7800760302 /* CanvasSprite.swift in Sources */ = {isa = PBXBuildFile; fileRef = D8DCD03F277ACD7800760302 /* CanvasSprite.swift */; };
		D8EB6FFA275995DB00FC139F /* Dictionary.swift in Sources */ = {isa = PBXBuildFile; fileRef = D8EB6FF9275995DB00FC139F /* Dictionary.swift */; };
		D8EB6FFC2759BB3500FC139F /* ConcurrentBox.swift in Sources */ = {isa = PBXBuildFile; fileRef = D8EB6FFB2759BB3500FC139F /* ConcurrentBox.swift */; };
		D8EE4D86279E4D2900F91150 /* ProgramDetector.swift in Sources */ = {isa = PBXBuildFile; fileRef = D8EE4D85279E4D2900F91150 /* ProgramDetector.swift */; };
		D8F4835D278D3D31008AF80C /* PixelView.swift in Sources */ = {isa = PBXBuildFile; fileRef = D8F4835C278D3D31008AF80C /* PixelView.swift */; };
		D8F5CADB279D07A700A2DC3F /* ResourceViewController.swift in Sources */ = {isa = PBXBuildFile; fileRef = D8F5CADA279D07A700A2DC3F /* ResourceViewController.swift */; };
		D8FE60032757106300711717 /* SecureLocation.swift in Sources */ = {isa = PBXBuildFile; fileRef = D8FE60022757106300711717 /* SecureLocation.swift */; };
		D8FE60052757177200711717 /* Settings.swift in Sources */ = {isa = PBXBuildFile; fileRef = D8FE60042757177200711717 /* Settings.swift */; };
		D8FE60072757201600711717 /* Bundle.swift in Sources */ = {isa = PBXBuildFile; fileRef = D8FE60062757201600711717 /* Bundle.swift */; };
		D8FE60092757208000711717 /* ApplicationError.swift in Sources */ = {isa = PBXBuildFile; fileRef = D8FE60082757208000711717 /* ApplicationError.swift */; };
		DB0366A82C42E85500187DD0 /* PsiLuaState.swift in Sources */ = {isa = PBXBuildFile; fileRef = DB0366A72C42E85500187DD0 /* PsiLuaState.swift */; };
		DB0B914A276E1BC5006F5CD0 /* OplKeyCode.swift in Sources */ = {isa = PBXBuildFile; fileRef = DB0B9149276E1BC5006F5CD0 /* OplKeyCode.swift */; };
		DB0B91862771031F006F5CD0 /* sis.lua in CopyFiles */ = {isa = PBXBuildFile; fileRef = DB0B91842771031F006F5CD0 /* sis.lua */; };
		DB0B9191278369A4006F5CD0 /* BitmapFont.swift in Sources */ = {isa = PBXBuildFile; fileRef = DB0B9190278369A4006F5CD0 /* BitmapFont.swift */; };
		DB0B919327836E70006F5CD0 /* fonts in Resources */ = {isa = PBXBuildFile; fileRef = DB0B919227836E70006F5CD0 /* fonts */; };
		DB0B91952789C561006F5CD0 /* directfilestore.lua in CopyFiles */ = {isa = PBXBuildFile; fileRef = DB0B91942789C561006F5CD0 /* directfilestore.lua */; };
		DB3FAC2E27C2CA4A004155C1 /* CGRect.swift in Sources */ = {isa = PBXBuildFile; fileRef = DB3FAC2D27C2CA49004155C1 /* CGRect.swift */; };
		DB48A70D2A9CEC9200F698CB /* Lua in Frameworks */ = {isa = PBXBuildFile; productRef = DB48A70C2A9CEC9200F698CB /* Lua */; };
		DB5AC970275198A20043FE5C /* database.lua in CopyFiles */ = {isa = PBXBuildFile; fileRef = DB5AC96F275198A20043FE5C /* database.lua */; };
		DB5AC972275577990043FE5C /* mbm.lua in CopyFiles */ = {isa = PBXBuildFile; fileRef = DB5AC971275577980043FE5C /* mbm.lua */; };
		DB5AC974275681510043FE5C /* CanvasView.swift in Sources */ = {isa = PBXBuildFile; fileRef = DB5AC973275681510043FE5C /* CanvasView.swift */; };
		DB5AC9762757B6ED0043FE5C /* OpoIoHandler_CoreGraphics.swift in Sources */ = {isa = PBXBuildFile; fileRef = DB5AC9752757B6ED0043FE5C /* OpoIoHandler_CoreGraphics.swift */; };
		DB5AC97A275AC72A0043FE5C /* sound.lua in CopyFiles */ = {isa = PBXBuildFile; fileRef = DB5AC979275AC72A0043FE5C /* sound.lua */; };
		DB5AC97C275CD5690043FE5C /* opl.lua in CopyFiles */ = {isa = PBXBuildFile; fileRef = DB5AC97B275CD5690043FE5C /* opl.lua */; };
		DB6B438427A55D1200625788 /* RootView.swift in Sources */ = {isa = PBXBuildFile; fileRef = DB6B438327A55D1200625788 /* RootView.swift */; };
		DB79001D2746BC33005E904F /* OpoIoHandler.swift in Sources */ = {isa = PBXBuildFile; fileRef = DB79001B2746B88F005E904F /* OpoIoHandler.swift */; };
		DB7900262746D915005E904F /* defaultiohandler.lua in CopyFiles */ = {isa = PBXBuildFile; fileRef = DB7900242746D915005E904F /* defaultiohandler.lua */; };
		DB79FFBE2742D99C005E904F /* ProgramViewController.swift in Sources */ = {isa = PBXBuildFile; fileRef = DB79FFBD2742D99C005E904F /* ProgramViewController.swift */; };
		DB79FFDF2742DEBE005E904F /* AppDelegate.swift in Sources */ = {isa = PBXBuildFile; fileRef = DB79FE6227428292005E904F /* AppDelegate.swift */; };
		DB79FFE62742E596005E904F /* OpoInterpreter.swift in Sources */ = {isa = PBXBuildFile; fileRef = DB79FFE52742E596005E904F /* OpoInterpreter.swift */; };
		DB79FFF02742E631005E904F /* runtime.lua in CopyFiles */ = {isa = PBXBuildFile; fileRef = DB79FFE82742E631005E904F /* runtime.lua */; };
		DB79FFF12742E631005E904F /* init.lua in CopyFiles */ = {isa = PBXBuildFile; fileRef = DB79FFE92742E631005E904F /* init.lua */; };
		DB79FFF22742E631005E904F /* fns.lua in CopyFiles */ = {isa = PBXBuildFile; fileRef = DB79FFEA2742E631005E904F /* fns.lua */; };
		DB79FFF32742E631005E904F /* opofile.lua in CopyFiles */ = {isa = PBXBuildFile; fileRef = DB79FFEB2742E631005E904F /* opofile.lua */; };
		DB79FFF42742E631005E904F /* runopo.lua in CopyFiles */ = {isa = PBXBuildFile; fileRef = DB79FFEC2742E631005E904F /* runopo.lua */; };
		DB79FFF52742E631005E904F /* dumpopo.lua in CopyFiles */ = {isa = PBXBuildFile; fileRef = DB79FFED2742E631005E904F /* dumpopo.lua */; };
		DB79FFF62742E631005E904F /* stack.lua in CopyFiles */ = {isa = PBXBuildFile; fileRef = DB79FFEE2742E631005E904F /* stack.lua */; };
		DB79FFF72742E631005E904F /* ops.lua in CopyFiles */ = {isa = PBXBuildFile; fileRef = DB79FFEF2742E631005E904F /* ops.lua */; };
		DB93498A27DD2F1000DB8723 /* sibosyscalls.lua in CopyFiles */ = {isa = PBXBuildFile; fileRef = DB93498927DD2F1000DB8723 /* sibosyscalls.lua */; };
		DB93498E27E659CA00DB8723 /* oplkeycode.lua in CopyFiles */ = {isa = PBXBuildFile; fileRef = DB93498D27E659CA00DB8723 /* oplkeycode.lua */; };
		DB9533FE27AC06A1001CF58D /* FlagSet.swift in Sources */ = {isa = PBXBuildFile; fileRef = DB9533FD27AC06A1001CF58D /* FlagSet.swift */; };
		DB95340127AE91B6001CF58D /* recognizer.lua in CopyFiles */ = {isa = PBXBuildFile; fileRef = DB95340027AE91B6001CF58D /* recognizer.lua */; };
		DB9F837127D3834000940D5C /* z-s5 in Resources */ = {isa = PBXBuildFile; fileRef = DB9F837027D3834000940D5C /* z-s5 */; };
		DBA18836279C408A00B2954B /* dialog.lua in CopyFiles */ = {isa = PBXBuildFile; fileRef = DBA18835279C408A00B2954B /* dialog.lua */; };
		DBBC73F52BA21EFB008BBC72 /* compiler.lua in CopyFiles */ = {isa = PBXBuildFile; fileRef = DBBC73F32BA21ECE008BBC72 /* compiler.lua */; };
		DBBC73F62BA21F06008BBC72 /* system_oxh.lua in CopyFiles */ = {isa = PBXBuildFile; fileRef = DBBC73E92BA21EAA008BBC72 /* system_oxh.lua */; };
		DBBC73F72BA21F06008BBC72 /* date_oxh.lua in CopyFiles */ = {isa = PBXBuildFile; fileRef = DBBC73EA2BA21EAA008BBC72 /* date_oxh.lua */; };
		DBBC73F82BA21F06008BBC72 /* const_oph.lua in CopyFiles */ = {isa = PBXBuildFile; fileRef = DBBC73EB2BA21EAA008BBC72 /* const_oph.lua */; };
		DBBC73F92BA21F06008BBC72 /* bmp_oxh.lua in CopyFiles */ = {isa = PBXBuildFile; fileRef = DBBC73EC2BA21EAA008BBC72 /* bmp_oxh.lua */; };
		DBBC73FA2BA21F06008BBC72 /* toolbar_oph.lua in CopyFiles */ = {isa = PBXBuildFile; fileRef = DBBC73ED2BA21EAA008BBC72 /* toolbar_oph.lua */; };
		DBE2917C278CCB0B00EE824B /* crc.lua in CopyFiles */ = {isa = PBXBuildFile; fileRef = DBE2917B278CCB0B00EE824B /* crc.lua */; };
		DBE2917E27932C5400EE824B /* ClockView.swift in Sources */ = {isa = PBXBuildFile; fileRef = DBE2917D27932C5300EE824B /* ClockView.swift */; };
		DBE291802794813F00EE824B /* rsc.lua in CopyFiles */ = {isa = PBXBuildFile; fileRef = DBE2917F2794813D00EE824B /* rsc.lua */; };
		DBE291822795F86200EE824B /* UIKeyModifierFlags.swift in Sources */ = {isa = PBXBuildFile; fileRef = DBE291812795F86100EE824B /* UIKeyModifierFlags.swift */; };
		DBE291842796FA1900EE824B /* const.lua in CopyFiles */ = {isa = PBXBuildFile; fileRef = DBE291832796FA1900EE824B /* const.lua */; };
		DBE29186279747D100EE824B /* menu.lua in CopyFiles */ = {isa = PBXBuildFile; fileRef = DBE29185279747D000EE824B /* menu.lua */; };
		DBE91523276A9D0A00BDB8F5 /* memory.lua in CopyFiles */ = {isa = PBXBuildFile; fileRef = DBE91522276A9D0900BDB8F5 /* memory.lua */; };
		DBE91525276D25AA00BDB8F5 /* UIKey.swift in Sources */ = {isa = PBXBuildFile; fileRef = DBE91524276D25A900BDB8F5 /* UIKey.swift */; };
		DBF28C5C2B49C0A00044C330 /* toolbar.lua in CopyFiles */ = {isa = PBXBuildFile; fileRef = DBF28C5B2B49C0A00044C330 /* toolbar.lua */; };
		DBF28C612B49C3630044C330 /* aif.lua in CopyFiles */ = {isa = PBXBuildFile; fileRef = DB0B91832771031F006F5CD0 /* aif.lua */; };
		DBF28C6A2B49C52D0044C330 /* systinfo.lua in CopyFiles */ = {isa = PBXBuildFile; fileRef = DBF28C642B49C52D0044C330 /* systinfo.lua */; };
		DBF28C6B2B49C52D0044C330 /* system.lua in CopyFiles */ = {isa = PBXBuildFile; fileRef = DBF28C652B49C52D0044C330 /* system.lua */; };
		DBF28C6C2B49C52D0044C330 /* alarm.lua in CopyFiles */ = {isa = PBXBuildFile; fileRef = DBF28C662B49C52D0044C330 /* alarm.lua */; };
		DBF28C6D2B49C52D0044C330 /* sysram1.lua in CopyFiles */ = {isa = PBXBuildFile; fileRef = DBF28C672B49C52D0044C330 /* sysram1.lua */; };
		DBF28C6E2B49C52D0044C330 /* date.lua in CopyFiles */ = {isa = PBXBuildFile; fileRef = DBF28C682B49C52D0044C330 /* date.lua */; };
		DBF28C6F2B49C52D0044C330 /* bmp.lua in CopyFiles */ = {isa = PBXBuildFile; fileRef = DBF28C692B49C52D0044C330 /* bmp.lua */; };
/* End PBXBuildFile section */

/* Begin PBXCopyFilesBuildPhase section */
		DBF28C602B49C33B0044C330 /* CopyFiles */ = {
			isa = PBXCopyFilesBuildPhase;
			buildActionMask = 2147483647;
			dstPath = dummyCopyLocationForLuaFiles;
			dstSubfolderSpec = 16;
			files = (
				DBBC73F62BA21F06008BBC72 /* system_oxh.lua in CopyFiles */,
				DBBC73F72BA21F06008BBC72 /* date_oxh.lua in CopyFiles */,
				DBBC73F82BA21F06008BBC72 /* const_oph.lua in CopyFiles */,
				DBBC73F92BA21F06008BBC72 /* bmp_oxh.lua in CopyFiles */,
				DBBC73FA2BA21F06008BBC72 /* toolbar_oph.lua in CopyFiles */,
				DBBC73F52BA21EFB008BBC72 /* compiler.lua in CopyFiles */,
				DB5AC97C275CD5690043FE5C /* opl.lua in CopyFiles */,
				DBE291842796FA1900EE824B /* const.lua in CopyFiles */,
				DBE291802794813F00EE824B /* rsc.lua in CopyFiles */,
				DBE2917C278CCB0B00EE824B /* crc.lua in CopyFiles */,
				DB0B91952789C561006F5CD0 /* directfilestore.lua in CopyFiles */,
				DB93498E27E659CA00DB8723 /* oplkeycode.lua in CopyFiles */,
				DBF28C5C2B49C0A00044C330 /* toolbar.lua in CopyFiles */,
				DBF28C612B49C3630044C330 /* aif.lua in CopyFiles */,
				DB5AC97A275AC72A0043FE5C /* sound.lua in CopyFiles */,
				DB5AC970275198A20043FE5C /* database.lua in CopyFiles */,
				DB79FFF22742E631005E904F /* fns.lua in CopyFiles */,
				DBE29186279747D100EE824B /* menu.lua in CopyFiles */,
				DB95340127AE91B6001CF58D /* recognizer.lua in CopyFiles */,
				DBA18836279C408A00B2954B /* dialog.lua in CopyFiles */,
				DB79FFF72742E631005E904F /* ops.lua in CopyFiles */,
				DB79FFF52742E631005E904F /* dumpopo.lua in CopyFiles */,
				DBE91523276A9D0A00BDB8F5 /* memory.lua in CopyFiles */,
				DB79FFF62742E631005E904F /* stack.lua in CopyFiles */,
				DB7900262746D915005E904F /* defaultiohandler.lua in CopyFiles */,
				DB79FFF32742E631005E904F /* opofile.lua in CopyFiles */,
				DB79FFF42742E631005E904F /* runopo.lua in CopyFiles */,
				DB79FFF12742E631005E904F /* init.lua in CopyFiles */,
				DB79FFF02742E631005E904F /* runtime.lua in CopyFiles */,
				DB93498A27DD2F1000DB8723 /* sibosyscalls.lua in CopyFiles */,
				DB5AC972275577990043FE5C /* mbm.lua in CopyFiles */,
				DB0B91862771031F006F5CD0 /* sis.lua in CopyFiles */,
				DBF28C6C2B49C52D0044C330 /* alarm.lua in CopyFiles */,
				DBF28C6B2B49C52D0044C330 /* system.lua in CopyFiles */,
				DBF28C6E2B49C52D0044C330 /* date.lua in CopyFiles */,
				DBF28C6F2B49C52D0044C330 /* bmp.lua in CopyFiles */,
				DBF28C6A2B49C52D0044C330 /* systinfo.lua in CopyFiles */,
				DBF28C6D2B49C52D0044C330 /* sysram1.lua in CopyFiles */,
			);
			runOnlyForDeploymentPostprocessing = 0;
		};
/* End PBXCopyFilesBuildPhase section */

/* Begin PBXFileReference section */
		D805F94C27A1BD9800DFBC20 /* AutoOrientView.swift */ = {isa = PBXFileReference; lastKnownFileType = sourcecode.swift; path = AutoOrientView.swift; sourceTree = "<group>"; };
		D805F95027A1D7FF00DFBC20 /* License.txt */ = {isa = PBXFileReference; lastKnownFileType = text; path = License.txt; sourceTree = "<group>"; };
		D80925602772939A00121E12 /* Graphics+CoreGraphics.swift */ = {isa = PBXFileReference; lastKnownFileType = sourcecode.swift; path = "Graphics+CoreGraphics.swift"; sourceTree = "<group>"; };
		D80A9CBB27A48BED00E49AD8 /* ApplicationSection.swift */ = {isa = PBXFileReference; lastKnownFileType = sourcecode.swift; path = ApplicationSection.swift; sourceTree = "<group>"; };
		D80A9CBD27A4A35E00E49AD8 /* UIDevice.swift */ = {isa = PBXFileReference; lastKnownFileType = sourcecode.swift; path = UIDevice.swift; sourceTree = "<group>"; };
		D80A9CBF27A4AF9200E49AD8 /* TaskManager+UIKit.swift */ = {isa = PBXFileReference; lastKnownFileType = sourcecode.swift; path = "TaskManager+UIKit.swift"; sourceTree = "<group>"; };
		D80A9CC127A4B66400E49AD8 /* SourceViewController.swift */ = {isa = PBXFileReference; lastKnownFileType = sourcecode.swift; path = SourceViewController.swift; sourceTree = "<group>"; };
		D80D65A7279DD2060020F994 /* Icon.swift */ = {isa = PBXFileReference; lastKnownFileType = sourcecode.swift; path = Icon.swift; sourceTree = "<group>"; };
		D80D65A9279DDC290020F994 /* IconCollectionViewCell.swift */ = {isa = PBXFileReference; lastKnownFileType = sourcecode.swift; path = IconCollectionViewCell.swift; sourceTree = "<group>"; };
		D80D65AB279DDF6B0020F994 /* IconCollectionViewLayout.swift */ = {isa = PBXFileReference; lastKnownFileType = sourcecode.swift; path = IconCollectionViewLayout.swift; sourceTree = "<group>"; };
		D80D65AD279DE0CE0020F994 /* RunningProgramsViewController.swift */ = {isa = PBXFileReference; lastKnownFileType = sourcecode.swift; path = RunningProgramsViewController.swift; sourceTree = "<group>"; };
		D80D65AF279E31220020F994 /* Configuration.swift */ = {isa = PBXFileReference; lastKnownFileType = sourcecode.swift; path = Configuration.swift; sourceTree = "<group>"; };
		D81B4A4827B5AA650051B092 /* IndexableLocationObserver.swift */ = {isa = PBXFileReference; lastKnownFileType = sourcecode.swift; path = IndexableLocationObserver.swift; sourceTree = "<group>"; };
		D81B4A4C27B5CF650051B092 /* UbiquitousDownloader.swift */ = {isa = PBXFileReference; lastKnownFileType = sourcecode.swift; path = UbiquitousDownloader.swift; sourceTree = "<group>"; };
		D81B875B2790D52C00E71960 /* DrawableViewController.swift */ = {isa = PBXFileReference; lastKnownFileType = sourcecode.swift; path = DrawableViewController.swift; sourceTree = "<group>"; };
		D81B875D2790DAAD00E71960 /* InstallerViewController.swift */ = {isa = PBXFileReference; lastKnownFileType = sourcecode.swift; path = InstallerViewController.swift; sourceTree = "<group>"; };
		D81B87602790ECC500E71960 /* InstallerIntroductionViewController.swift */ = {isa = PBXFileReference; lastKnownFileType = sourcecode.swift; path = InstallerIntroductionViewController.swift; sourceTree = "<group>"; };
		D81B87622790ED0300E71960 /* InstallerSummaryViewController.swift */ = {isa = PBXFileReference; lastKnownFileType = sourcecode.swift; path = InstallerSummaryViewController.swift; sourceTree = "<group>"; };
		D81C12A7279EF0C0000E70D0 /* AllProgramsViewController.swift */ = {isa = PBXFileReference; lastKnownFileType = sourcecode.swift; path = AllProgramsViewController.swift; sourceTree = "<group>"; };
		D82639352783CAE500AB4086 /* TimerRequest.swift */ = {isa = PBXFileReference; lastKnownFileType = sourcecode.swift; path = TimerRequest.swift; sourceTree = "<group>"; };
		D82A37B727A9B43F00D8F5F4 /* DirectoryMonitor.swift */ = {isa = PBXFileReference; lastKnownFileType = sourcecode.swift; path = DirectoryMonitor.swift; sourceTree = "<group>"; };
		D82D2FCB27AB4FBC001A4283 /* RecursiveDirectoryMonitor.swift */ = {isa = PBXFileReference; lastKnownFileType = sourcecode.swift; path = RecursiveDirectoryMonitor.swift; sourceTree = "<group>"; };
		D82D2FCD27AC3E62001A4283 /* Error.swift */ = {isa = PBXFileReference; lastKnownFileType = sourcecode.swift; path = Error.swift; sourceTree = "<group>"; };
		D84ADB152771D937001ABFB4 /* Device.swift */ = {isa = PBXFileReference; lastKnownFileType = sourcecode.swift; path = Device.swift; sourceTree = "<group>"; };
		D84ADB172771DAB9001ABFB4 /* NSNotification.swift */ = {isa = PBXFileReference; lastKnownFileType = sourcecode.swift; path = NSNotification.swift; sourceTree = "<group>"; };
		D8535A27277139AB00DFCE29 /* Sound.swift */ = {isa = PBXFileReference; fileEncoding = 4; lastKnownFileType = sourcecode.swift; path = Sound.swift; sourceTree = "<group>"; };
		D8535A29277139D900DFCE29 /* Tone.swift */ = {isa = PBXFileReference; lastKnownFileType = sourcecode.swift; path = Tone.swift; sourceTree = "<group>"; };
		D8553767278F535A00ED67C0 /* SettingsView.swift */ = {isa = PBXFileReference; lastKnownFileType = sourcecode.swift; path = SettingsView.swift; sourceTree = "<group>"; };
		D85699C527A9948F00E6F6DD /* OpoInterpreter+Utilities.swift */ = {isa = PBXFileReference; lastKnownFileType = sourcecode.swift; path = "OpoInterpreter+Utilities.swift"; sourceTree = "<group>"; };
		D85F596E27ACB64E006AAF3B /* UIButton.swift */ = {isa = PBXFileReference; lastKnownFileType = sourcecode.swift; path = UIButton.swift; sourceTree = "<group>"; };
		D85F597027ACB682006AAF3B /* WizardFooterView.swift */ = {isa = PBXFileReference; lastKnownFileType = sourcecode.swift; path = WizardFooterView.swift; sourceTree = "<group>"; };
		D861E8DC274A81B4003C8D3D /* Directory.swift */ = {isa = PBXFileReference; lastKnownFileType = sourcecode.swift; path = Directory.swift; sourceTree = "<group>"; };
		D8632831279C240600B63625 /* UID.swift */ = {isa = PBXFileReference; lastKnownFileType = sourcecode.swift; path = UID.swift; sourceTree = "<group>"; };
		D8647C6F2793540500DCC261 /* TaskManager.swift */ = {isa = PBXFileReference; lastKnownFileType = sourcecode.swift; path = TaskManager.swift; sourceTree = "<group>"; };
		D86724EF27715B88009C7246 /* Program.swift */ = {isa = PBXFileReference; lastKnownFileType = sourcecode.swift; path = Program.swift; sourceTree = "<group>"; };
		D86724F12771672A009C7246 /* InterpreterThread.swift */ = {isa = PBXFileReference; lastKnownFileType = sourcecode.swift; path = InterpreterThread.swift; sourceTree = "<group>"; };
		D86E42892799C0CC00D5596D /* UISplitViewController.swift */ = {isa = PBXFileReference; lastKnownFileType = sourcecode.swift; path = UISplitViewController.swift; sourceTree = "<group>"; };
		D86FBAB3278C730B003DF611 /* diligence */ = {isa = PBXFileReference; lastKnownFileType = wrapper; path = diligence; sourceTree = "<group>"; };
		D86FBAB9278C76FB003DF611 /* Lua.txt */ = {isa = PBXFileReference; lastKnownFileType = text; path = Lua.txt; sourceTree = "<group>"; };
		D87A62732752A67500075CB8 /* CGSize.swift */ = {isa = PBXFileReference; lastKnownFileType = sourcecode.swift; path = CGSize.swift; sourceTree = "<group>"; };
		D884A3D02778E2CB008954A0 /* ObjectFileSystem.swift */ = {isa = PBXFileReference; lastKnownFileType = sourcecode.swift; path = ObjectFileSystem.swift; sourceTree = "<group>"; };
		D884A3D22778E335008954A0 /* FileSystem.swift */ = {isa = PBXFileReference; lastKnownFileType = sourcecode.swift; path = FileSystem.swift; sourceTree = "<group>"; };
		D884A3D42779025A008954A0 /* SystemFileSystem.swift */ = {isa = PBXFileReference; lastKnownFileType = sourcecode.swift; path = SystemFileSystem.swift; sourceTree = "<group>"; };
		D884A3D6277914CF008954A0 /* Installer.swift */ = {isa = PBXFileReference; lastKnownFileType = sourcecode.swift; path = Installer.swift; sourceTree = "<group>"; };
		D8891341274BF21900794D55 /* ChoiceViewController.swift */ = {isa = PBXFileReference; lastKnownFileType = sourcecode.swift; path = ChoiceViewController.swift; sourceTree = "<group>"; };
		D8891344274BF25D00794D55 /* SwitchTableViewCell.swift */ = {isa = PBXFileReference; lastKnownFileType = sourcecode.swift; path = SwitchTableViewCell.swift; sourceTree = "<group>"; };
		D8891349274BF3B000794D55 /* TranslucentNavigationController.swift */ = {isa = PBXFileReference; lastKnownFileType = sourcecode.swift; path = TranslucentNavigationController.swift; sourceTree = "<group>"; };
		D889134C274C17FF00794D55 /* CGContext.swift */ = {isa = PBXFileReference; lastKnownFileType = sourcecode.swift; path = CGContext.swift; sourceTree = "<group>"; };
		D889134E274C181F00794D55 /* CGPoint.swift */ = {isa = PBXFileReference; lastKnownFileType = sourcecode.swift; path = CGPoint.swift; sourceTree = "<group>"; };
		D8891350274C184C00794D55 /* UIImage.swift */ = {isa = PBXFileReference; lastKnownFileType = sourcecode.swift; path = UIImage.swift; sourceTree = "<group>"; };
		D8891352274C186E00794D55 /* Canvas.swift */ = {isa = PBXFileReference; lastKnownFileType = sourcecode.swift; path = Canvas.swift; sourceTree = "<group>"; };
		D88A472127B82C720094A438 /* ApplicationIdentifier.swift */ = {isa = PBXFileReference; lastKnownFileType = sourcecode.swift; path = ApplicationIdentifier.swift; sourceTree = "<group>"; };
		D88A472327B83D6D0094A438 /* FileMetadataCache.swift */ = {isa = PBXFileReference; lastKnownFileType = sourcecode.swift; path = FileMetadataCache.swift; sourceTree = "<group>"; };
		D88A472527B87E0E0094A438 /* ApplicationMetadata.swift */ = {isa = PBXFileReference; lastKnownFileType = sourcecode.swift; path = ApplicationMetadata.swift; sourceTree = "<group>"; };
		D890B46627A8CA7B007A7A78 /* ManagedItem.swift */ = {isa = PBXFileReference; lastKnownFileType = sourcecode.swift; path = ManagedItem.swift; sourceTree = "<group>"; };
		D890B46827A8CBED007A7A78 /* InstallerProgressViewController.swift */ = {isa = PBXFileReference; lastKnownFileType = sourcecode.swift; path = InstallerProgressViewController.swift; sourceTree = "<group>"; };
		D893EAD22760739500E64219 /* Border.swift */ = {isa = PBXFileReference; lastKnownFileType = sourcecode.swift; path = Border.swift; sourceTree = "<group>"; };
		D893EAD4276073CA00E64219 /* Borders */ = {isa = PBXFileReference; lastKnownFileType = folder; path = Borders; sourceTree = "<group>"; };
		D89A60792756A2CC00C9757F /* FileManager.swift */ = {isa = PBXFileReference; lastKnownFileType = sourcecode.swift; path = FileManager.swift; sourceTree = "<group>"; };
		D89A607B2756A6A300C9757F /* URL.swift */ = {isa = PBXFileReference; lastKnownFileType = sourcecode.swift; path = URL.swift; sourceTree = "<group>"; };
		D89A607D2756A98200C9757F /* ViewController.swift */ = {isa = PBXFileReference; lastKnownFileType = sourcecode.swift; path = ViewController.swift; sourceTree = "<group>"; };
		D89A607F2756AE8800C9757F /* LibraryViewController.swift */ = {isa = PBXFileReference; lastKnownFileType = sourcecode.swift; path = LibraryViewController.swift; sourceTree = "<group>"; };
		D89D137827C3411700338298 /* RaiseGitHubIssueActivity.swift */ = {isa = PBXFileReference; lastKnownFileType = sourcecode.swift; path = RaiseGitHubIssueActivity.swift; sourceTree = "<group>"; };
		D89F8CE927AEC48B009F25E5 /* UIViewController.swift */ = {isa = PBXFileReference; lastKnownFileType = sourcecode.swift; path = UIViewController.swift; sourceTree = "<group>"; };
		D8B2757427B6840D00DAAFC0 /* RateLimiter.swift */ = {isa = PBXFileReference; lastKnownFileType = sourcecode.swift; path = RateLimiter.swift; sourceTree = "<group>"; };
		D8BA096F275196CA00F4730D /* String.swift */ = {isa = PBXFileReference; lastKnownFileType = sourcecode.swift; path = String.swift; sourceTree = "<group>"; };
		D8BA09712751BBEA00F4730D /* UIElement.swift */ = {isa = PBXFileReference; lastKnownFileType = sourcecode.swift; path = UIElement.swift; sourceTree = "<group>"; };
		D8C3BD622774BEA1003B1AD0 /* ErrorViewController.swift */ = {isa = PBXFileReference; lastKnownFileType = sourcecode.swift; path = ErrorViewController.swift; sourceTree = "<group>"; };
		D8C3BD642774BEC2003B1AD0 /* Console.swift */ = {isa = PBXFileReference; lastKnownFileType = sourcecode.swift; path = Console.swift; sourceTree = "<group>"; };
		D8C3BD662774BF1F003B1AD0 /* OpoLuaError.swift */ = {isa = PBXFileReference; lastKnownFileType = sourcecode.swift; path = OpoLuaError.swift; sourceTree = "<group>"; };
		D8C3BD692774F4A2003B1AD0 /* GameController.framework */ = {isa = PBXFileReference; lastKnownFileType = wrapper.framework; name = GameController.framework; path = Platforms/iPhoneOS.platform/Developer/SDKs/iPhoneOS15.2.sdk/System/Library/Frameworks/GameController.framework; sourceTree = DEVELOPER_DIR; };
		D8C409622C3CF62900C9E857 /* OpoIoHandler_UIKit.swift */ = {isa = PBXFileReference; lastKnownFileType = sourcecode.swift; path = OpoIoHandler_UIKit.swift; sourceTree = "<group>"; };
		D8C409852C3CF6DB00C9E857 /* CGImage.swift */ = {isa = PBXFileReference; fileEncoding = 4; lastKnownFileType = sourcecode.swift; path = CGImage.swift; sourceTree = "<group>"; };
		D8C43DF427C3EFEF00944A11 /* RootViewController.swift */ = {isa = PBXFileReference; lastKnownFileType = sourcecode.swift; path = RootViewController.swift; sourceTree = "<group>"; };
		D8C679B927483B5600BD8720 /* DirectoryViewController.swift */ = {isa = PBXFileReference; lastKnownFileType = sourcecode.swift; path = DirectoryViewController.swift; sourceTree = "<group>"; };
		D8C679BC27484BF400BD8720 /* examples */ = {isa = PBXFileReference; lastKnownFileType = folder; path = examples; sourceTree = "<group>"; };
		D8C712A3275AF50D00D83A3E /* ConcurrentQueue.swift */ = {isa = PBXFileReference; lastKnownFileType = sourcecode.swift; path = ConcurrentQueue.swift; sourceTree = "<group>"; };
		D8CCACAD27B2FE3D008C8122 /* NSLock.swift */ = {isa = PBXFileReference; lastKnownFileType = sourcecode.swift; path = NSLock.swift; sourceTree = "<group>"; };
		D8CCACAF27B2FE59008C8122 /* NSRecursiveLock.swift */ = {isa = PBXFileReference; lastKnownFileType = sourcecode.swift; path = NSRecursiveLock.swift; sourceTree = "<group>"; };
		D8D184F427BACAB5004DDFFD /* SoundViewController.swift */ = {isa = PBXFileReference; lastKnownFileType = sourcecode.swift; path = SoundViewController.swift; sourceTree = "<group>"; };
		D8D44C48279A0B87007340B5 /* TaskManagerViewController.swift */ = {isa = PBXFileReference; lastKnownFileType = sourcecode.swift; path = TaskManagerViewController.swift; sourceTree = "<group>"; };
		D8D50116275928CF008C1BC9 /* Scheduler.swift */ = {isa = PBXFileReference; lastKnownFileType = sourcecode.swift; path = Scheduler.swift; sourceTree = "<group>"; };
		D8D6701427A72B2100D12E96 /* DestinationPickerViewController.swift */ = {isa = PBXFileReference; lastKnownFileType = sourcecode.swift; path = DestinationPickerViewController.swift; sourceTree = "<group>"; };
		D8D95503279B52370049A3C3 /* Localization.swift */ = {isa = PBXFileReference; lastKnownFileType = sourcecode.swift; path = Localization.swift; sourceTree = "<group>"; };
		D8D95505279B7B100049A3C3 /* UIColor.swift */ = {isa = PBXFileReference; lastKnownFileType = sourcecode.swift; path = UIColor.swift; sourceTree = "<group>"; };
		D8DCD03D277AC9B300760302 /* WindowServer.swift */ = {isa = PBXFileReference; lastKnownFileType = sourcecode.swift; path = WindowServer.swift; sourceTree = "<group>"; };
		D8DCD03F277ACD7800760302 /* CanvasSprite.swift */ = {isa = PBXFileReference; lastKnownFileType = sourcecode.swift; path = CanvasSprite.swift; sourceTree = "<group>"; };
		D8DF3FAB278B3DA100FF658B /* Common.xcconfig */ = {isa = PBXFileReference; fileEncoding = 4; lastKnownFileType = text.xcconfig; path = Common.xcconfig; sourceTree = "<group>"; };
		D8DF3FAC278B3DA100FF658B /* Debug.xcconfig */ = {isa = PBXFileReference; fileEncoding = 4; lastKnownFileType = text.xcconfig; path = Debug.xcconfig; sourceTree = "<group>"; };
		D8DF3FAD278B3DA100FF658B /* Release.xcconfig */ = {isa = PBXFileReference; fileEncoding = 4; lastKnownFileType = text.xcconfig; path = Release.xcconfig; sourceTree = "<group>"; };
		D8EB6FF9275995DB00FC139F /* Dictionary.swift */ = {isa = PBXFileReference; lastKnownFileType = sourcecode.swift; path = Dictionary.swift; sourceTree = "<group>"; };
		D8EB6FFB2759BB3500FC139F /* ConcurrentBox.swift */ = {isa = PBXFileReference; lastKnownFileType = sourcecode.swift; path = ConcurrentBox.swift; sourceTree = "<group>"; };
		D8EE4D85279E4D2900F91150 /* ProgramDetector.swift */ = {isa = PBXFileReference; lastKnownFileType = sourcecode.swift; path = ProgramDetector.swift; sourceTree = "<group>"; };
		D8F4835C278D3D31008AF80C /* PixelView.swift */ = {isa = PBXFileReference; lastKnownFileType = sourcecode.swift; path = PixelView.swift; sourceTree = "<group>"; };
		D8F5CADA279D07A700A2DC3F /* ResourceViewController.swift */ = {isa = PBXFileReference; lastKnownFileType = sourcecode.swift; path = ResourceViewController.swift; sourceTree = "<group>"; };
		D8FE60022757106300711717 /* SecureLocation.swift */ = {isa = PBXFileReference; lastKnownFileType = sourcecode.swift; path = SecureLocation.swift; sourceTree = "<group>"; };
		D8FE60042757177200711717 /* Settings.swift */ = {isa = PBXFileReference; lastKnownFileType = sourcecode.swift; path = Settings.swift; sourceTree = "<group>"; };
		D8FE60062757201600711717 /* Bundle.swift */ = {isa = PBXFileReference; lastKnownFileType = sourcecode.swift; path = Bundle.swift; sourceTree = "<group>"; };
		D8FE60082757208000711717 /* ApplicationError.swift */ = {isa = PBXFileReference; lastKnownFileType = sourcecode.swift; path = ApplicationError.swift; sourceTree = "<group>"; };
		DB0366A72C42E85500187DD0 /* PsiLuaState.swift */ = {isa = PBXFileReference; lastKnownFileType = sourcecode.swift; path = PsiLuaState.swift; sourceTree = "<group>"; };
		DB0B9149276E1BC5006F5CD0 /* OplKeyCode.swift */ = {isa = PBXFileReference; lastKnownFileType = sourcecode.swift; path = OplKeyCode.swift; sourceTree = "<group>"; };
		DB0B91832771031F006F5CD0 /* aif.lua */ = {isa = PBXFileReference; fileEncoding = 4; lastKnownFileType = text; path = aif.lua; sourceTree = "<group>"; };
		DB0B91842771031F006F5CD0 /* sis.lua */ = {isa = PBXFileReference; fileEncoding = 4; lastKnownFileType = text; path = sis.lua; sourceTree = "<group>"; };
		DB0B9190278369A4006F5CD0 /* BitmapFont.swift */ = {isa = PBXFileReference; lastKnownFileType = sourcecode.swift; path = BitmapFont.swift; sourceTree = "<group>"; };
		DB0B919227836E70006F5CD0 /* fonts */ = {isa = PBXFileReference; lastKnownFileType = folder; path = fonts; sourceTree = "<group>"; };
		DB0B91942789C561006F5CD0 /* directfilestore.lua */ = {isa = PBXFileReference; fileEncoding = 4; lastKnownFileType = text; path = directfilestore.lua; sourceTree = "<group>"; };
		DB3FAC2D27C2CA49004155C1 /* CGRect.swift */ = {isa = PBXFileReference; fileEncoding = 4; lastKnownFileType = sourcecode.swift; path = CGRect.swift; sourceTree = "<group>"; };
		DB48A70A2A9CEA6200F698CB /* LuaSwift */ = {isa = PBXFileReference; lastKnownFileType = wrapper; path = LuaSwift; sourceTree = "<group>"; };
		DB5AC96F275198A20043FE5C /* database.lua */ = {isa = PBXFileReference; fileEncoding = 4; lastKnownFileType = text; path = database.lua; sourceTree = "<group>"; };
		DB5AC971275577980043FE5C /* mbm.lua */ = {isa = PBXFileReference; fileEncoding = 4; lastKnownFileType = text; path = mbm.lua; sourceTree = "<group>"; };
		DB5AC973275681510043FE5C /* CanvasView.swift */ = {isa = PBXFileReference; lastKnownFileType = sourcecode.swift; path = CanvasView.swift; sourceTree = "<group>"; };
		DB5AC9752757B6ED0043FE5C /* OpoIoHandler_CoreGraphics.swift */ = {isa = PBXFileReference; fileEncoding = 4; lastKnownFileType = sourcecode.swift; path = OpoIoHandler_CoreGraphics.swift; sourceTree = "<group>"; };
		DB5AC979275AC72A0043FE5C /* sound.lua */ = {isa = PBXFileReference; fileEncoding = 4; lastKnownFileType = text; path = sound.lua; sourceTree = "<group>"; };
		DB5AC97B275CD5690043FE5C /* opl.lua */ = {isa = PBXFileReference; fileEncoding = 4; lastKnownFileType = text; path = opl.lua; sourceTree = "<group>"; };
		DB6B438327A55D1200625788 /* RootView.swift */ = {isa = PBXFileReference; lastKnownFileType = sourcecode.swift; path = RootView.swift; sourceTree = "<group>"; };
		DB79001B2746B88F005E904F /* OpoIoHandler.swift */ = {isa = PBXFileReference; lastKnownFileType = sourcecode.swift; path = OpoIoHandler.swift; sourceTree = "<group>"; };
		DB7900242746D915005E904F /* defaultiohandler.lua */ = {isa = PBXFileReference; fileEncoding = 4; lastKnownFileType = text; path = defaultiohandler.lua; sourceTree = "<group>"; };
		DB79FE6227428292005E904F /* AppDelegate.swift */ = {isa = PBXFileReference; lastKnownFileType = sourcecode.swift; path = AppDelegate.swift; sourceTree = "<group>"; };
		DB79FE6427428294005E904F /* Assets.xcassets */ = {isa = PBXFileReference; lastKnownFileType = folder.assetcatalog; path = Assets.xcassets; sourceTree = "<group>"; };
		DB79FE6927428294005E904F /* Info.plist */ = {isa = PBXFileReference; lastKnownFileType = text.plist.xml; path = Info.plist; sourceTree = "<group>"; };
		DB79FE6A27428294005E904F /* OpoLua.entitlements */ = {isa = PBXFileReference; lastKnownFileType = text.plist.entitlements; path = OpoLua.entitlements; sourceTree = "<group>"; };
		DB79FFA62742D88A005E904F /* OpoLua.app */ = {isa = PBXFileReference; explicitFileType = wrapper.application; includeInIndex = 0; path = OpoLua.app; sourceTree = BUILT_PRODUCTS_DIR; };
		DB79FFBD2742D99C005E904F /* ProgramViewController.swift */ = {isa = PBXFileReference; lastKnownFileType = sourcecode.swift; path = ProgramViewController.swift; sourceTree = "<group>"; };
		DB79FFE52742E596005E904F /* OpoInterpreter.swift */ = {isa = PBXFileReference; lastKnownFileType = sourcecode.swift; path = OpoInterpreter.swift; sourceTree = "<group>"; };
		DB79FFE82742E631005E904F /* runtime.lua */ = {isa = PBXFileReference; fileEncoding = 4; lastKnownFileType = text; path = runtime.lua; sourceTree = "<group>"; };
		DB79FFE92742E631005E904F /* init.lua */ = {isa = PBXFileReference; fileEncoding = 4; lastKnownFileType = text; path = init.lua; sourceTree = "<group>"; };
		DB79FFEA2742E631005E904F /* fns.lua */ = {isa = PBXFileReference; fileEncoding = 4; lastKnownFileType = text; path = fns.lua; sourceTree = "<group>"; };
		DB79FFEB2742E631005E904F /* opofile.lua */ = {isa = PBXFileReference; fileEncoding = 4; lastKnownFileType = text; path = opofile.lua; sourceTree = "<group>"; };
		DB79FFEC2742E631005E904F /* runopo.lua */ = {isa = PBXFileReference; fileEncoding = 4; lastKnownFileType = text; path = runopo.lua; sourceTree = "<group>"; };
		DB79FFED2742E631005E904F /* dumpopo.lua */ = {isa = PBXFileReference; fileEncoding = 4; lastKnownFileType = text; path = dumpopo.lua; sourceTree = "<group>"; };
		DB79FFEE2742E631005E904F /* stack.lua */ = {isa = PBXFileReference; fileEncoding = 4; lastKnownFileType = text; path = stack.lua; sourceTree = "<group>"; };
		DB79FFEF2742E631005E904F /* ops.lua */ = {isa = PBXFileReference; fileEncoding = 4; lastKnownFileType = text; path = ops.lua; sourceTree = "<group>"; };
		DB93498927DD2F1000DB8723 /* sibosyscalls.lua */ = {isa = PBXFileReference; fileEncoding = 4; lastKnownFileType = text; path = sibosyscalls.lua; sourceTree = "<group>"; };
		DB93498D27E659CA00DB8723 /* oplkeycode.lua */ = {isa = PBXFileReference; fileEncoding = 4; lastKnownFileType = text; path = oplkeycode.lua; sourceTree = "<group>"; };
		DB9533FD27AC06A1001CF58D /* FlagSet.swift */ = {isa = PBXFileReference; lastKnownFileType = sourcecode.swift; path = FlagSet.swift; sourceTree = "<group>"; };
		DB95340027AE91B6001CF58D /* recognizer.lua */ = {isa = PBXFileReference; fileEncoding = 4; lastKnownFileType = text; path = recognizer.lua; sourceTree = "<group>"; };
		DB9F837027D3834000940D5C /* z-s5 */ = {isa = PBXFileReference; fileEncoding = 4; lastKnownFileType = text; name = "z-s5"; path = "resources/z-s5"; sourceTree = SOURCE_ROOT; };
		DBA18835279C408A00B2954B /* dialog.lua */ = {isa = PBXFileReference; fileEncoding = 4; lastKnownFileType = text; path = dialog.lua; sourceTree = "<group>"; };
		DBBC73E92BA21EAA008BBC72 /* system_oxh.lua */ = {isa = PBXFileReference; fileEncoding = 4; lastKnownFileType = text; path = system_oxh.lua; sourceTree = "<group>"; };
		DBBC73EA2BA21EAA008BBC72 /* date_oxh.lua */ = {isa = PBXFileReference; fileEncoding = 4; lastKnownFileType = text; path = date_oxh.lua; sourceTree = "<group>"; };
		DBBC73EB2BA21EAA008BBC72 /* const_oph.lua */ = {isa = PBXFileReference; fileEncoding = 4; lastKnownFileType = text; path = const_oph.lua; sourceTree = "<group>"; };
		DBBC73EC2BA21EAA008BBC72 /* bmp_oxh.lua */ = {isa = PBXFileReference; fileEncoding = 4; lastKnownFileType = text; path = bmp_oxh.lua; sourceTree = "<group>"; };
		DBBC73ED2BA21EAA008BBC72 /* toolbar_oph.lua */ = {isa = PBXFileReference; fileEncoding = 4; lastKnownFileType = text; path = toolbar_oph.lua; sourceTree = "<group>"; };
		DBBC73F32BA21ECE008BBC72 /* compiler.lua */ = {isa = PBXFileReference; fileEncoding = 4; lastKnownFileType = text; path = compiler.lua; sourceTree = "<group>"; };
		DBE2917B278CCB0B00EE824B /* crc.lua */ = {isa = PBXFileReference; fileEncoding = 4; lastKnownFileType = text; path = crc.lua; sourceTree = "<group>"; };
		DBE2917D27932C5300EE824B /* ClockView.swift */ = {isa = PBXFileReference; fileEncoding = 4; lastKnownFileType = sourcecode.swift; path = ClockView.swift; sourceTree = "<group>"; };
		DBE2917F2794813D00EE824B /* rsc.lua */ = {isa = PBXFileReference; fileEncoding = 4; lastKnownFileType = text; path = rsc.lua; sourceTree = "<group>"; };
		DBE291812795F86100EE824B /* UIKeyModifierFlags.swift */ = {isa = PBXFileReference; fileEncoding = 4; lastKnownFileType = sourcecode.swift; path = UIKeyModifierFlags.swift; sourceTree = "<group>"; };
		DBE291832796FA1900EE824B /* const.lua */ = {isa = PBXFileReference; fileEncoding = 4; lastKnownFileType = text; path = const.lua; sourceTree = "<group>"; };
		DBE29185279747D000EE824B /* menu.lua */ = {isa = PBXFileReference; fileEncoding = 4; lastKnownFileType = text; path = menu.lua; sourceTree = "<group>"; };
		DBE91522276A9D0900BDB8F5 /* memory.lua */ = {isa = PBXFileReference; fileEncoding = 4; lastKnownFileType = text; path = memory.lua; sourceTree = "<group>"; };
		DBE91524276D25A900BDB8F5 /* UIKey.swift */ = {isa = PBXFileReference; lastKnownFileType = sourcecode.swift; path = UIKey.swift; sourceTree = "<group>"; };
		DBF28C5B2B49C0A00044C330 /* toolbar.lua */ = {isa = PBXFileReference; fileEncoding = 4; lastKnownFileType = text; path = toolbar.lua; sourceTree = "<group>"; };
		DBF28C642B49C52D0044C330 /* systinfo.lua */ = {isa = PBXFileReference; fileEncoding = 4; lastKnownFileType = text; path = systinfo.lua; sourceTree = "<group>"; };
		DBF28C652B49C52D0044C330 /* system.lua */ = {isa = PBXFileReference; fileEncoding = 4; lastKnownFileType = text; path = system.lua; sourceTree = "<group>"; };
		DBF28C662B49C52D0044C330 /* alarm.lua */ = {isa = PBXFileReference; fileEncoding = 4; lastKnownFileType = text; path = alarm.lua; sourceTree = "<group>"; };
		DBF28C672B49C52D0044C330 /* sysram1.lua */ = {isa = PBXFileReference; fileEncoding = 4; lastKnownFileType = text; path = sysram1.lua; sourceTree = "<group>"; };
		DBF28C682B49C52D0044C330 /* date.lua */ = {isa = PBXFileReference; fileEncoding = 4; lastKnownFileType = text; path = date.lua; sourceTree = "<group>"; };
		DBF28C692B49C52D0044C330 /* bmp.lua */ = {isa = PBXFileReference; fileEncoding = 4; lastKnownFileType = text; path = bmp.lua; sourceTree = "<group>"; };
/* End PBXFileReference section */

/* Begin PBXFrameworksBuildPhase section */
		DB79FFA32742D88A005E904F /* Frameworks */ = {
			isa = PBXFrameworksBuildPhase;
			buildActionMask = 2147483647;
			files = (
				DB48A70D2A9CEC9200F698CB /* Lua in Frameworks */,
				D8C3BD6A2774F4A2003B1AD0 /* GameController.framework in Frameworks */,
				D86FBAB7278C75E1003DF611 /* Diligence in Frameworks */,
			);
			runOnlyForDeploymentPostprocessing = 0;
		};
/* End PBXFrameworksBuildPhase section */

/* Begin PBXGroup section */
		D81B875F2790E9A600E71960 /* Installer */ = {
			isa = PBXGroup;
			children = (
				D81B87602790ECC500E71960 /* InstallerIntroductionViewController.swift */,
				D890B46827A8CBED007A7A78 /* InstallerProgressViewController.swift */,
				D81B87622790ED0300E71960 /* InstallerSummaryViewController.swift */,
				D81B875D2790DAAD00E71960 /* InstallerViewController.swift */,
			);
			path = Installer;
			sourceTree = "<group>";
		};
		D861E8D9274A818D003C8D3D /* Model */ = {
			isa = PBXGroup;
			children = (
				D8FE60082757208000711717 /* ApplicationError.swift */,
				D88A472127B82C720094A438 /* ApplicationIdentifier.swift */,
				D88A472527B87E0E0094A438 /* ApplicationMetadata.swift */,
				D80A9CBB27A48BED00E49AD8 /* ApplicationSection.swift */,
				DB0B9190278369A4006F5CD0 /* BitmapFont.swift */,
				D893EAD22760739500E64219 /* Border.swift */,
				D8DCD03F277ACD7800760302 /* CanvasSprite.swift */,
				D8EB6FFB2759BB3500FC139F /* ConcurrentBox.swift */,
				D8C712A3275AF50D00D83A3E /* ConcurrentQueue.swift */,
				D80D65AF279E31220020F994 /* Configuration.swift */,
				D8C3BD642774BEC2003B1AD0 /* Console.swift */,
				D84ADB152771D937001ABFB4 /* Device.swift */,
				D861E8DC274A81B4003C8D3D /* Directory.swift */,
				D884A3D22778E335008954A0 /* FileSystem.swift */,
				D80D65A7279DD2060020F994 /* Icon.swift */,
				D884A3D6277914CF008954A0 /* Installer.swift */,
				D86724F12771672A009C7246 /* InterpreterThread.swift */,
				D884A3D02778E2CB008954A0 /* ObjectFileSystem.swift */,
				D8C3BD662774BF1F003B1AD0 /* OpoLuaError.swift */,
				D86724EF27715B88009C7246 /* Program.swift */,
				D8D50116275928CF008C1BC9 /* Scheduler.swift */,
				D8FE60022757106300711717 /* SecureLocation.swift */,
				D8FE60042757177200711717 /* Settings.swift */,
				D8535A27277139AB00DFCE29 /* Sound.swift */,
				D884A3D42779025A008954A0 /* SystemFileSystem.swift */,
				D8647C6F2793540500DCC261 /* TaskManager.swift */,
				D82639352783CAE500AB4086 /* TimerRequest.swift */,
				D8535A29277139D900DFCE29 /* Tone.swift */,
				D8632831279C240600B63625 /* UID.swift */,
				D8DCD03D277AC9B300760302 /* WindowServer.swift */,
			);
			path = Model;
			sourceTree = "<group>";
		};
		D86FBAB2278C730B003DF611 /* Packages */ = {
			isa = PBXGroup;
			children = (
				D86FBAB3278C730B003DF611 /* diligence */,
				DB48A70A2A9CEA6200F698CB /* LuaSwift */,
			);
			name = Packages;
			sourceTree = "<group>";
		};
		D86FBAB8278C76E4003DF611 /* Licenses */ = {
			isa = PBXGroup;
			children = (
				D86FBAB9278C76FB003DF611 /* Lua.txt */,
				D805F95027A1D7FF00DFBC20 /* License.txt */,
			);
			path = Licenses;
			sourceTree = "<group>";
		};
		D8891343274BF24D00794D55 /* Views */ = {
			isa = PBXGroup;
			children = (
				D805F94C27A1BD9800DFBC20 /* AutoOrientView.swift */,
				D8891352274C186E00794D55 /* Canvas.swift */,
				DB5AC973275681510043FE5C /* CanvasView.swift */,
				DBE2917D27932C5300EE824B /* ClockView.swift */,
				D80D65A9279DDC290020F994 /* IconCollectionViewCell.swift */,
				D8F4835C278D3D31008AF80C /* PixelView.swift */,
				D8891344274BF25D00794D55 /* SwitchTableViewCell.swift */,
				DB6B438327A55D1200625788 /* RootView.swift */,
				D85F597027ACB682006AAF3B /* WizardFooterView.swift */,
			);
			path = Views;
			sourceTree = "<group>";
		};
		D889134B274C17F300794D55 /* Extensions */ = {
			isa = PBXGroup;
			children = (
				DB3FAC2D27C2CA49004155C1 /* CGRect.swift */,
				D8FE60062757201600711717 /* Bundle.swift */,
				D889134C274C17FF00794D55 /* CGContext.swift */,
				D889134E274C181F00794D55 /* CGPoint.swift */,
				D87A62732752A67500075CB8 /* CGSize.swift */,
				D8EB6FF9275995DB00FC139F /* Dictionary.swift */,
				D82D2FCD27AC3E62001A4283 /* Error.swift */,
				D89A60792756A2CC00C9757F /* FileManager.swift */,
				D80925602772939A00121E12 /* Graphics+CoreGraphics.swift */,
				D8CCACAD27B2FE3D008C8122 /* NSLock.swift */,
				D84ADB172771DAB9001ABFB4 /* NSNotification.swift */,
				D8CCACAF27B2FE59008C8122 /* NSRecursiveLock.swift */,
				D85699C527A9948F00E6F6DD /* OpoInterpreter+Utilities.swift */,
				D8BA096F275196CA00F4730D /* String.swift */,
				D80A9CBF27A4AF9200E49AD8 /* TaskManager+UIKit.swift */,
				D85F596E27ACB64E006AAF3B /* UIButton.swift */,
				D8D95505279B7B100049A3C3 /* UIColor.swift */,
				D80A9CBD27A4A35E00E49AD8 /* UIDevice.swift */,
				D8BA09712751BBEA00F4730D /* UIElement.swift */,
				D8891350274C184C00794D55 /* UIImage.swift */,
				DBE91524276D25A900BDB8F5 /* UIKey.swift */,
				DBE291812795F86100EE824B /* UIKeyModifierFlags.swift */,
				D86E42892799C0CC00D5596D /* UISplitViewController.swift */,
				D89F8CE927AEC48B009F25E5 /* UIViewController.swift */,
				D89A607B2756A6A300C9757F /* URL.swift */,
				D89A607D2756A98200C9757F /* ViewController.swift */,
			);
			path = Extensions;
			sourceTree = "<group>";
		};
		D8C3BD682774F4A2003B1AD0 /* Frameworks */ = {
			isa = PBXGroup;
			children = (
				D8C3BD692774F4A2003B1AD0 /* GameController.framework */,
			);
			name = Frameworks;
			sourceTree = "<group>";
		};
		D8C679BB27484BB800BD8720 /* View Controllers */ = {
			isa = PBXGroup;
			children = (
				D81C12A7279EF0C0000E70D0 /* AllProgramsViewController.swift */,
				D8891341274BF21900794D55 /* ChoiceViewController.swift */,
				D8D6701427A72B2100D12E96 /* DestinationPickerViewController.swift */,
				D8C679B927483B5600BD8720 /* DirectoryViewController.swift */,
				D81B875B2790D52C00E71960 /* DrawableViewController.swift */,
				D8C3BD622774BEA1003B1AD0 /* ErrorViewController.swift */,
				D89A607F2756AE8800C9757F /* LibraryViewController.swift */,
				DB79FFBD2742D99C005E904F /* ProgramViewController.swift */,
				D8C43DF427C3EFEF00944A11 /* RootViewController.swift */,
				D80D65AD279DE0CE0020F994 /* RunningProgramsViewController.swift */,
				D8553767278F535A00ED67C0 /* SettingsView.swift */,
				D8D44C48279A0B87007340B5 /* TaskManagerViewController.swift */,
				D8891349274BF3B000794D55 /* TranslucentNavigationController.swift */,
				D81B875F2790E9A600E71960 /* Installer */,
				D8F5CAD9279D079A00A2DC3F /* Viewers */,
			);
			path = "View Controllers";
			sourceTree = "<group>";
		};
		D8D95502279B52250049A3C3 /* Utilities */ = {
			isa = PBXGroup;
			children = (
				D82A37B727A9B43F00D8F5F4 /* DirectoryMonitor.swift */,
				D88A472327B83D6D0094A438 /* FileMetadataCache.swift */,
				D80D65AB279DDF6B0020F994 /* IconCollectionViewLayout.swift */,
				D81B4A4827B5AA650051B092 /* IndexableLocationObserver.swift */,
				D8D95503279B52370049A3C3 /* Localization.swift */,
				D890B46627A8CA7B007A7A78 /* ManagedItem.swift */,
				D8EE4D85279E4D2900F91150 /* ProgramDetector.swift */,
				D89D137827C3411700338298 /* RaiseGitHubIssueActivity.swift */,
				D8B2757427B6840D00DAAFC0 /* RateLimiter.swift */,
				D82D2FCB27AB4FBC001A4283 /* RecursiveDirectoryMonitor.swift */,
				D81B4A4C27B5CF650051B092 /* UbiquitousDownloader.swift */,
			);
			path = Utilities;
			sourceTree = "<group>";
		};
		D8F5CAD9279D079A00A2DC3F /* Viewers */ = {
			isa = PBXGroup;
			children = (
				D8F5CADA279D07A700A2DC3F /* ResourceViewController.swift */,
				D8D184F427BACAB5004DDFFD /* SoundViewController.swift */,
				D80A9CC127A4B66400E49AD8 /* SourceViewController.swift */,
			);
			path = Viewers;
			sourceTree = "<group>";
		};
		DB79FE5627428292005E904F = {
			isa = PBXGroup;
			children = (
				D86FBAB2278C730B003DF611 /* Packages */,
				D8C679BC27484BF400BD8720 /* examples */,
				D8C3BD682774F4A2003B1AD0 /* Frameworks */,
				DB79FE6127428292005E904F /* OpoLua */,
				DB79FE6027428292005E904F /* Products */,
				DB79FFE72742E631005E904F /* src */,
				DB79FFE12742E52B005E904F /* swift */,
			);
			sourceTree = "<group>";
		};
		DB79FE6027428292005E904F /* Products */ = {
			isa = PBXGroup;
			children = (
				DB79FFA62742D88A005E904F /* OpoLua.app */,
			);
			name = Products;
			sourceTree = "<group>";
		};
		DB79FE6127428292005E904F /* OpoLua */ = {
			isa = PBXGroup;
			children = (
				DB9F837027D3834000940D5C /* z-s5 */,
				D893EAD4276073CA00E64219 /* Borders */,
				DB0B919227836E70006F5CD0 /* fonts */,
				DB79FE6A27428294005E904F /* OpoLua.entitlements */,
				DB79FE6927428294005E904F /* Info.plist */,
				DB79FE6227428292005E904F /* AppDelegate.swift */,
				DB79FE6427428294005E904F /* Assets.xcassets */,
				D8DF3FAB278B3DA100FF658B /* Common.xcconfig */,
				D8DF3FAC278B3DA100FF658B /* Debug.xcconfig */,
				D8DF3FAD278B3DA100FF658B /* Release.xcconfig */,
				D889134B274C17F300794D55 /* Extensions */,
				D86FBAB8278C76E4003DF611 /* Licenses */,
				D861E8D9274A818D003C8D3D /* Model */,
				D8D95502279B52250049A3C3 /* Utilities */,
				D8C679BB27484BB800BD8720 /* View Controllers */,
				D8891343274BF24D00794D55 /* Views */,
			);
			path = OpoLua;
			sourceTree = "<group>";
		};
		DB79FFE12742E52B005E904F /* swift */ = {
			isa = PBXGroup;
			children = (
				D8C409852C3CF6DB00C9E857 /* CGImage.swift */,
				DB9533FD27AC06A1001CF58D /* FlagSet.swift */,
				DB0B9149276E1BC5006F5CD0 /* OplKeyCode.swift */,
				DB79FFE52742E596005E904F /* OpoInterpreter.swift */,
				DB5AC9752757B6ED0043FE5C /* OpoIoHandler_CoreGraphics.swift */,
				D8C409622C3CF62900C9E857 /* OpoIoHandler_UIKit.swift */,
				DB79001B2746B88F005E904F /* OpoIoHandler.swift */,
				DB0366A72C42E85500187DD0 /* PsiLuaState.swift */,
			);
			path = swift;
			sourceTree = "<group>";
		};
		DB79FFE72742E631005E904F /* src */ = {
			isa = PBXGroup;
			children = (
				DBBC73F32BA21ECE008BBC72 /* compiler.lua */,
				DBBC73E82BA21EAA008BBC72 /* includes */,
				DBF28C632B49C52D0044C330 /* opx */,
				DBE291832796FA1900EE824B /* const.lua */,
				DB79FFE92742E631005E904F /* init.lua */,
				DB79FFE82742E631005E904F /* runtime.lua */,
				DBE91522276A9D0900BDB8F5 /* memory.lua */,
				DB79FFEA2742E631005E904F /* fns.lua */,
				DB79FFEB2742E631005E904F /* opofile.lua */,
				DB79FFEC2742E631005E904F /* runopo.lua */,
				DB79FFED2742E631005E904F /* dumpopo.lua */,
				DB79FFEE2742E631005E904F /* stack.lua */,
				DB5AC97B275CD5690043FE5C /* opl.lua */,
				DBE29185279747D000EE824B /* menu.lua */,
				DBA18835279C408A00B2954B /* dialog.lua */,
				DB79FFEF2742E631005E904F /* ops.lua */,
				DB7900242746D915005E904F /* defaultiohandler.lua */,
				DB5AC96F275198A20043FE5C /* database.lua */,
				DB5AC971275577980043FE5C /* mbm.lua */,
				DB5AC979275AC72A0043FE5C /* sound.lua */,
				DB0B91832771031F006F5CD0 /* aif.lua */,
				DB0B91842771031F006F5CD0 /* sis.lua */,
				DB0B91942789C561006F5CD0 /* directfilestore.lua */,
				DBE2917B278CCB0B00EE824B /* crc.lua */,
				DBE2917F2794813D00EE824B /* rsc.lua */,
				DB95340027AE91B6001CF58D /* recognizer.lua */,
				DB93498927DD2F1000DB8723 /* sibosyscalls.lua */,
				DB93498D27E659CA00DB8723 /* oplkeycode.lua */,
				DBF28C5A2B49C0A00044C330 /* modules */,
			);
			path = src;
			sourceTree = "<group>";
		};
		DBBC73E82BA21EAA008BBC72 /* includes */ = {
			isa = PBXGroup;
			children = (
				DBBC73E92BA21EAA008BBC72 /* system_oxh.lua */,
				DBBC73EA2BA21EAA008BBC72 /* date_oxh.lua */,
				DBBC73EB2BA21EAA008BBC72 /* const_oph.lua */,
				DBBC73EC2BA21EAA008BBC72 /* bmp_oxh.lua */,
				DBBC73ED2BA21EAA008BBC72 /* toolbar_oph.lua */,
			);
			path = includes;
			sourceTree = "<group>";
		};
		DBF28C5A2B49C0A00044C330 /* modules */ = {
			isa = PBXGroup;
			children = (
				DBF28C5B2B49C0A00044C330 /* toolbar.lua */,
			);
			path = modules;
			sourceTree = "<group>";
		};
		DBF28C632B49C52D0044C330 /* opx */ = {
			isa = PBXGroup;
			children = (
				DBF28C642B49C52D0044C330 /* systinfo.lua */,
				DBF28C652B49C52D0044C330 /* system.lua */,
				DBF28C662B49C52D0044C330 /* alarm.lua */,
				DBF28C672B49C52D0044C330 /* sysram1.lua */,
				DBF28C682B49C52D0044C330 /* date.lua */,
				DBF28C692B49C52D0044C330 /* bmp.lua */,
			);
			path = opx;
			sourceTree = "<group>";
		};
/* End PBXGroup section */

/* Begin PBXNativeTarget section */
		DB79FFA52742D88A005E904F /* OpoLua */ = {
			isa = PBXNativeTarget;
			buildConfigurationList = DB79FFB72742D88B005E904F /* Build configuration list for PBXNativeTarget "OpoLua" */;
			buildPhases = (
				DB79FFA22742D88A005E904F /* Sources */,
				DBF28C602B49C33B0044C330 /* CopyFiles */,
				DB79FFA32742D88A005E904F /* Frameworks */,
				DB79FFA42742D88A005E904F /* Resources */,
			);
			buildRules = (
			);
			dependencies = (
				DB2363262B499772004802AD /* PBXTargetDependency */,
			);
			name = OpoLua;
			packageProductDependencies = (
				D86FBAB6278C75E1003DF611 /* Diligence */,
				DB48A70C2A9CEC9200F698CB /* Lua */,
			);
			productName = "OpoLua (iOS)";
			productReference = DB79FFA62742D88A005E904F /* OpoLua.app */;
			productType = "com.apple.product-type.application";
		};
/* End PBXNativeTarget section */

/* Begin PBXProject section */
		DB79FE5727428292005E904F /* Project object */ = {
			isa = PBXProject;
			attributes = {
				BuildIndependentTargetsInParallel = NO;
				LastSwiftUpdateCheck = 1310;
				LastUpgradeCheck = 1510;
				TargetAttributes = {
					DB79FFA52742D88A005E904F = {
						CreatedOnToolsVersion = 12.5.1;
					};
				};
			};
			buildConfigurationList = DB79FE5A27428292005E904F /* Build configuration list for PBXProject "OpoLua" */;
			compatibilityVersion = "Xcode 9.3";
			developmentRegion = en;
			hasScannedForEncodings = 0;
			knownRegions = (
				en,
				Base,
			);
			mainGroup = DB79FE5627428292005E904F;
			packageReferences = (
			);
			productRefGroup = DB79FE6027428292005E904F /* Products */;
			projectDirPath = "";
			projectRoot = "";
			targets = (
				DB79FFA52742D88A005E904F /* OpoLua */,
			);
		};
/* End PBXProject section */

/* Begin PBXResourcesBuildPhase section */
		DB79FFA42742D88A005E904F /* Resources */ = {
			isa = PBXResourcesBuildPhase;
			buildActionMask = 2147483647;
			files = (
				D87A9249274C517000254DE9 /* Assets.xcassets in Resources */,
				D893EAD5276073CA00E64219 /* Borders in Resources */,
				DB9F837127D3834000940D5C /* z-s5 in Resources */,
				D805F95127A1D7FF00DFBC20 /* License.txt in Resources */,
				D8C679BD27484BF400BD8720 /* examples in Resources */,
				DB0B919327836E70006F5CD0 /* fonts in Resources */,
				D86FBABA278C76FB003DF611 /* Lua.txt in Resources */,
			);
			runOnlyForDeploymentPostprocessing = 0;
		};
/* End PBXResourcesBuildPhase section */

/* Begin PBXSourcesBuildPhase section */
		DB79FFA22742D88A005E904F /* Sources */ = {
			isa = PBXSourcesBuildPhase;
			buildActionMask = 2147483647;
			files = (
				D893EAD32760739500E64219 /* Border.swift in Sources */,
				D81B4A4D27B5CF650051B092 /* UbiquitousDownloader.swift in Sources */,
				D81B87612790ECC500E71960 /* InstallerIntroductionViewController.swift in Sources */,
				DB0B914A276E1BC5006F5CD0 /* OplKeyCode.swift in Sources */,
				DB79001D2746BC33005E904F /* OpoIoHandler.swift in Sources */,
				D86724F027715B88009C7246 /* Program.swift in Sources */,
				D81B875C2790D52C00E71960 /* DrawableViewController.swift in Sources */,
				D805F94D27A1BD9800DFBC20 /* AutoOrientView.swift in Sources */,
				D8C3BD652774BEC2003B1AD0 /* Console.swift in Sources */,
				D884A3D52779025A008954A0 /* SystemFileSystem.swift in Sources */,
				D80D65A8279DD2060020F994 /* Icon.swift in Sources */,
				D8FE60052757177200711717 /* Settings.swift in Sources */,
				D8C409632C3CF62900C9E857 /* OpoIoHandler_UIKit.swift in Sources */,
				D81B875E2790DAAD00E71960 /* InstallerViewController.swift in Sources */,
				D8DCD040277ACD7800760302 /* CanvasSprite.swift in Sources */,
				D86724F22771672A009C7246 /* InterpreterThread.swift in Sources */,
				DBE291822795F86200EE824B /* UIKeyModifierFlags.swift in Sources */,
				D8D95504279B52370049A3C3 /* Localization.swift in Sources */,
				D8C3BD672774BF1F003B1AD0 /* OpoLuaError.swift in Sources */,
				D81B87632790ED0300E71960 /* InstallerSummaryViewController.swift in Sources */,
				DBE91525276D25AA00BDB8F5 /* UIKey.swift in Sources */,
				D8BA0970275196CA00F4730D /* String.swift in Sources */,
				D8F4835D278D3D31008AF80C /* PixelView.swift in Sources */,
				D8FE60032757106300711717 /* SecureLocation.swift in Sources */,
				D82D2FCC27AB4FBC001A4283 /* RecursiveDirectoryMonitor.swift in Sources */,
				D8632832279C240600B63625 /* UID.swift in Sources */,
				D8891353274C186E00794D55 /* Canvas.swift in Sources */,
				D8891345274BF25D00794D55 /* SwitchTableViewCell.swift in Sources */,
				D82A37B827A9B43F00D8F5F4 /* DirectoryMonitor.swift in Sources */,
				D86E428A2799C0CC00D5596D /* UISplitViewController.swift in Sources */,
				D889134D274C17FF00794D55 /* CGContext.swift in Sources */,
				DB5AC9762757B6ED0043FE5C /* OpoIoHandler_CoreGraphics.swift in Sources */,
				D85F596F27ACB64E006AAF3B /* UIButton.swift in Sources */,
				D80D65AC279DDF6B0020F994 /* IconCollectionViewLayout.swift in Sources */,
				D889134A274BF3B000794D55 /* TranslucentNavigationController.swift in Sources */,
				DB9533FE27AC06A1001CF58D /* FlagSet.swift in Sources */,
				D89A607E2756A98200C9757F /* ViewController.swift in Sources */,
				D82D2FCE27AC3E62001A4283 /* Error.swift in Sources */,
				D88A472227B82C720094A438 /* ApplicationIdentifier.swift in Sources */,
				D8C43DF527C3EFEF00944A11 /* RootViewController.swift in Sources */,
				D8F5CADB279D07A700A2DC3F /* ResourceViewController.swift in Sources */,
				D88A472627B87E0E0094A438 /* ApplicationMetadata.swift in Sources */,
				D884A3D7277914CF008954A0 /* Installer.swift in Sources */,
				D8B2757527B6840D00DAAFC0 /* RateLimiter.swift in Sources */,
				D8C3BD632774BEA1003B1AD0 /* ErrorViewController.swift in Sources */,
				D8CCACAE27B2FE3D008C8122 /* NSLock.swift in Sources */,
				D8535A2A277139D900DFCE29 /* Tone.swift in Sources */,
				D884A3D32778E335008954A0 /* FileSystem.swift in Sources */,
				D8DCD03E277AC9B300760302 /* WindowServer.swift in Sources */,
				D80A9CBC27A48BED00E49AD8 /* ApplicationSection.swift in Sources */,
				D8EB6FFC2759BB3500FC139F /* ConcurrentBox.swift in Sources */,
				D8D50117275928CF008C1BC9 /* Scheduler.swift in Sources */,
				DB3FAC2E27C2CA4A004155C1 /* CGRect.swift in Sources */,
				D8C679BA27483B5600BD8720 /* DirectoryViewController.swift in Sources */,
				D81B4A4927B5AA650051B092 /* IndexableLocationObserver.swift in Sources */,
				DB6B438427A55D1200625788 /* RootView.swift in Sources */,
				D89A607A2756A2CC00C9757F /* FileManager.swift in Sources */,
				D8FE60072757201600711717 /* Bundle.swift in Sources */,
				D8BA09722751BBEA00F4730D /* UIElement.swift in Sources */,
				D8C409862C3CF6DB00C9E857 /* CGImage.swift in Sources */,
				D889134F274C181F00794D55 /* CGPoint.swift in Sources */,
				DB0366A82C42E85500187DD0 /* PsiLuaState.swift in Sources */,
				DB0B9191278369A4006F5CD0 /* BitmapFont.swift in Sources */,
				D80A9CBE27A4A35E00E49AD8 /* UIDevice.swift in Sources */,
				D861E8DD274A81B4003C8D3D /* Directory.swift in Sources */,
				D80D65AE279DE0CE0020F994 /* RunningProgramsViewController.swift in Sources */,
				D87A62742752A67500075CB8 /* CGSize.swift in Sources */,
				D8535A28277139AB00DFCE29 /* Sound.swift in Sources */,
				D80A9CC027A4AF9200E49AD8 /* TaskManager+UIKit.swift in Sources */,
				D81C12A8279EF0C0000E70D0 /* AllProgramsViewController.swift in Sources */,
				D84ADB162771D937001ABFB4 /* Device.swift in Sources */,
				D89A60802756AE8800C9757F /* LibraryViewController.swift in Sources */,
				D8CCACB027B2FE59008C8122 /* NSRecursiveLock.swift in Sources */,
				D80D65B0279E31220020F994 /* Configuration.swift in Sources */,
				D8D95506279B7B100049A3C3 /* UIColor.swift in Sources */,
				D8891351274C184C00794D55 /* UIImage.swift in Sources */,
				D890B46727A8CA7B007A7A78 /* ManagedItem.swift in Sources */,
				D89A607C2756A6A300C9757F /* URL.swift in Sources */,
				D884A3D12778E2CB008954A0 /* ObjectFileSystem.swift in Sources */,
				D890B46927A8CBED007A7A78 /* InstallerProgressViewController.swift in Sources */,
				D80D65AA279DDC290020F994 /* IconCollectionViewCell.swift in Sources */,
				D82639362783CAE500AB4086 /* TimerRequest.swift in Sources */,
				D8FE60092757208000711717 /* ApplicationError.swift in Sources */,
				D85699C627A9948F00E6F6DD /* OpoInterpreter+Utilities.swift in Sources */,
				D8553768278F535A00ED67C0 /* SettingsView.swift in Sources */,
				D85F597127ACB682006AAF3B /* WizardFooterView.swift in Sources */,
				D89F8CEA27AEC48B009F25E5 /* UIViewController.swift in Sources */,
				D8D6701527A72B2100D12E96 /* DestinationPickerViewController.swift in Sources */,
				D8EE4D86279E4D2900F91150 /* ProgramDetector.swift in Sources */,
				DBE2917E27932C5400EE824B /* ClockView.swift in Sources */,
				D80A9CC227A4B66400E49AD8 /* SourceViewController.swift in Sources */,
				D80925612772939A00121E12 /* Graphics+CoreGraphics.swift in Sources */,
				D84ADB182771DAB9001ABFB4 /* NSNotification.swift in Sources */,
				D88A472427B83D6E0094A438 /* FileMetadataCache.swift in Sources */,
				D8891342274BF21900794D55 /* ChoiceViewController.swift in Sources */,
				D8647C702793540500DCC261 /* TaskManager.swift in Sources */,
				D89D137927C3411700338298 /* RaiseGitHubIssueActivity.swift in Sources */,
				D8D184F527BACAB5004DDFFD /* SoundViewController.swift in Sources */,
				DB5AC974275681510043FE5C /* CanvasView.swift in Sources */,
				DB79FFE62742E596005E904F /* OpoInterpreter.swift in Sources */,
				D8C712A4275AF50D00D83A3E /* ConcurrentQueue.swift in Sources */,
				DB79FFDF2742DEBE005E904F /* AppDelegate.swift in Sources */,
				D8EB6FFA275995DB00FC139F /* Dictionary.swift in Sources */,
				DB79FFBE2742D99C005E904F /* ProgramViewController.swift in Sources */,
				D8D44C49279A0B87007340B5 /* TaskManagerViewController.swift in Sources */,
			);
			runOnlyForDeploymentPostprocessing = 0;
		};
/* End PBXSourcesBuildPhase section */

/* Begin PBXTargetDependency section */
		DB2363262B499772004802AD /* PBXTargetDependency */ = {
			isa = PBXTargetDependency;
			productRef = DB2363252B499772004802AD /* EmbedLuaPlugin */;
		};
/* End PBXTargetDependency section */

/* Begin XCBuildConfiguration section */
		DB79FE6B27428294005E904F /* Debug */ = {
			isa = XCBuildConfiguration;
			buildSettings = {
				ALWAYS_SEARCH_USER_PATHS = NO;
				CLANG_ANALYZER_NONNULL = YES;
				CLANG_ANALYZER_NUMBER_OBJECT_CONVERSION = YES_AGGRESSIVE;
				CLANG_CXX_LANGUAGE_STANDARD = "gnu++14";
				CLANG_CXX_LIBRARY = "libc++";
				CLANG_ENABLE_MODULES = YES;
				CLANG_ENABLE_OBJC_ARC = YES;
				CLANG_ENABLE_OBJC_WEAK = YES;
				CLANG_WARN_BLOCK_CAPTURE_AUTORELEASING = YES;
				CLANG_WARN_BOOL_CONVERSION = YES;
				CLANG_WARN_COMMA = YES;
				CLANG_WARN_CONSTANT_CONVERSION = YES;
				CLANG_WARN_DEPRECATED_OBJC_IMPLEMENTATIONS = YES;
				CLANG_WARN_DIRECT_OBJC_ISA_USAGE = YES_ERROR;
				CLANG_WARN_DOCUMENTATION_COMMENTS = YES;
				CLANG_WARN_EMPTY_BODY = YES;
				CLANG_WARN_ENUM_CONVERSION = YES;
				CLANG_WARN_INFINITE_RECURSION = YES;
				CLANG_WARN_INT_CONVERSION = YES;
				CLANG_WARN_NON_LITERAL_NULL_CONVERSION = YES;
				CLANG_WARN_OBJC_IMPLICIT_RETAIN_SELF = YES;
				CLANG_WARN_OBJC_LITERAL_CONVERSION = YES;
				CLANG_WARN_OBJC_ROOT_CLASS = YES_ERROR;
				CLANG_WARN_QUOTED_INCLUDE_IN_FRAMEWORK_HEADER = YES;
				CLANG_WARN_RANGE_LOOP_ANALYSIS = YES;
				CLANG_WARN_STRICT_PROTOTYPES = YES;
				CLANG_WARN_SUSPICIOUS_MOVE = YES;
				CLANG_WARN_UNGUARDED_AVAILABILITY = YES_AGGRESSIVE;
				CLANG_WARN_UNREACHABLE_CODE = YES;
				CLANG_WARN__DUPLICATE_METHOD_MATCH = YES;
				COPY_PHASE_STRIP = NO;
				DEAD_CODE_STRIPPING = YES;
				DEBUG_INFORMATION_FORMAT = dwarf;
				ENABLE_STRICT_OBJC_MSGSEND = YES;
				ENABLE_TESTABILITY = YES;
				ENABLE_USER_SCRIPT_SANDBOXING = YES;
				GCC_C_LANGUAGE_STANDARD = gnu11;
				GCC_DYNAMIC_NO_PIC = NO;
				GCC_NO_COMMON_BLOCKS = YES;
				GCC_OPTIMIZATION_LEVEL = 0;
				GCC_PREPROCESSOR_DEFINITIONS = (
					"DEBUG=1",
					"$(inherited)",
				);
				GCC_WARN_64_TO_32_BIT_CONVERSION = YES;
				GCC_WARN_ABOUT_RETURN_TYPE = YES_ERROR;
				GCC_WARN_UNDECLARED_SELECTOR = YES;
				GCC_WARN_UNINITIALIZED_AUTOS = YES_AGGRESSIVE;
				GCC_WARN_UNUSED_FUNCTION = YES;
				GCC_WARN_UNUSED_VARIABLE = YES;
				HEADER_SEARCH_PATHS = (
					luaconf,
					lua,
				);
				IPHONEOS_DEPLOYMENT_TARGET = 15.0;
				MACOSX_DEPLOYMENT_TARGET = 11.3;
				MTL_ENABLE_DEBUG_INFO = INCLUDE_SOURCE;
				MTL_FAST_MATH = YES;
				ONLY_ACTIVE_ARCH = YES;
				SDKROOT = macosx;
				SWIFT_ACTIVE_COMPILATION_CONDITIONS = DEBUG;
				SWIFT_OPTIMIZATION_LEVEL = "-Onone";
			};
			name = Debug;
		};
		DB79FE6C27428294005E904F /* Release */ = {
			isa = XCBuildConfiguration;
			buildSettings = {
				ALWAYS_SEARCH_USER_PATHS = NO;
				CLANG_ANALYZER_NONNULL = YES;
				CLANG_ANALYZER_NUMBER_OBJECT_CONVERSION = YES_AGGRESSIVE;
				CLANG_CXX_LANGUAGE_STANDARD = "gnu++14";
				CLANG_CXX_LIBRARY = "libc++";
				CLANG_ENABLE_MODULES = YES;
				CLANG_ENABLE_OBJC_ARC = YES;
				CLANG_ENABLE_OBJC_WEAK = YES;
				CLANG_WARN_BLOCK_CAPTURE_AUTORELEASING = YES;
				CLANG_WARN_BOOL_CONVERSION = YES;
				CLANG_WARN_COMMA = YES;
				CLANG_WARN_CONSTANT_CONVERSION = YES;
				CLANG_WARN_DEPRECATED_OBJC_IMPLEMENTATIONS = YES;
				CLANG_WARN_DIRECT_OBJC_ISA_USAGE = YES_ERROR;
				CLANG_WARN_DOCUMENTATION_COMMENTS = YES;
				CLANG_WARN_EMPTY_BODY = YES;
				CLANG_WARN_ENUM_CONVERSION = YES;
				CLANG_WARN_INFINITE_RECURSION = YES;
				CLANG_WARN_INT_CONVERSION = YES;
				CLANG_WARN_NON_LITERAL_NULL_CONVERSION = YES;
				CLANG_WARN_OBJC_IMPLICIT_RETAIN_SELF = YES;
				CLANG_WARN_OBJC_LITERAL_CONVERSION = YES;
				CLANG_WARN_OBJC_ROOT_CLASS = YES_ERROR;
				CLANG_WARN_QUOTED_INCLUDE_IN_FRAMEWORK_HEADER = YES;
				CLANG_WARN_RANGE_LOOP_ANALYSIS = YES;
				CLANG_WARN_STRICT_PROTOTYPES = YES;
				CLANG_WARN_SUSPICIOUS_MOVE = YES;
				CLANG_WARN_UNGUARDED_AVAILABILITY = YES_AGGRESSIVE;
				CLANG_WARN_UNREACHABLE_CODE = YES;
				CLANG_WARN__DUPLICATE_METHOD_MATCH = YES;
				COPY_PHASE_STRIP = NO;
				DEAD_CODE_STRIPPING = YES;
				DEBUG_INFORMATION_FORMAT = "dwarf-with-dsym";
				ENABLE_NS_ASSERTIONS = NO;
				ENABLE_STRICT_OBJC_MSGSEND = YES;
				ENABLE_USER_SCRIPT_SANDBOXING = YES;
				GCC_C_LANGUAGE_STANDARD = gnu11;
				GCC_NO_COMMON_BLOCKS = YES;
				GCC_PREPROCESSOR_DEFINITIONS = "";
				GCC_WARN_64_TO_32_BIT_CONVERSION = YES;
				GCC_WARN_ABOUT_RETURN_TYPE = YES_ERROR;
				GCC_WARN_UNDECLARED_SELECTOR = YES;
				GCC_WARN_UNINITIALIZED_AUTOS = YES_AGGRESSIVE;
				GCC_WARN_UNUSED_FUNCTION = YES;
				GCC_WARN_UNUSED_VARIABLE = YES;
				HEADER_SEARCH_PATHS = (
					luaconf,
					lua,
				);
				IPHONEOS_DEPLOYMENT_TARGET = 15.0;
				MACOSX_DEPLOYMENT_TARGET = 11.3;
				MTL_ENABLE_DEBUG_INFO = NO;
				MTL_FAST_MATH = YES;
				SDKROOT = macosx;
				SWIFT_COMPILATION_MODE = wholemodule;
				SWIFT_OPTIMIZATION_LEVEL = "-O";
			};
			name = Release;
		};
		DB79FFB82742D88B005E904F /* Debug */ = {
			isa = XCBuildConfiguration;
			baseConfigurationReference = D8DF3FAC278B3DA100FF658B /* Debug.xcconfig */;
			buildSettings = {
				ASSETCATALOG_COMPILER_APPICON_NAME = AppIcon;
				ASSETCATALOG_COMPILER_GLOBAL_ACCENT_COLOR_NAME = AccentColor;
				CODE_SIGN_ENTITLEMENTS = OpoLua/OpoLua.entitlements;
				CODE_SIGN_STYLE = Automatic;
				CURRENT_PROJECT_VERSION = $BUILD_NUMBER;
				DEVELOPMENT_TEAM = QS82QFHKWB;
				ENABLE_PREVIEWS = YES;
				INFOPLIST_FILE = OpoLua/Info.plist;
				LD_RUNPATH_SEARCH_PATHS = (
					"$(inherited)",
					"@executable_path/Frameworks",
				);
				MARKETING_VERSION = 1.0;
				PRODUCT_BUNDLE_IDENTIFIER = uk.co.inseven.opolua;
				PRODUCT_NAME = OpoLua;
				SDKROOT = iphoneos;
				SUPPORTS_MACCATALYST = NO;
				SWIFT_VERSION = 5.0;
				TARGETED_DEVICE_FAMILY = "1,2";
			};
			name = Debug;
		};
		DB79FFB92742D88B005E904F /* Release */ = {
			isa = XCBuildConfiguration;
			baseConfigurationReference = D8DF3FAD278B3DA100FF658B /* Release.xcconfig */;
			buildSettings = {
				ASSETCATALOG_COMPILER_APPICON_NAME = AppIcon;
				ASSETCATALOG_COMPILER_GLOBAL_ACCENT_COLOR_NAME = AccentColor;
				CODE_SIGN_ENTITLEMENTS = OpoLua/OpoLua.entitlements;
				CODE_SIGN_IDENTITY = "iPhone Distribution";
				CODE_SIGN_STYLE = Manual;
				CURRENT_PROJECT_VERSION = $BUILD_NUMBER;
				DEVELOPMENT_TEAM = 9GNGYP6YR7;
				"DEVELOPMENT_TEAM[sdk=iphoneos*]" = QS82QFHKWB;
				ENABLE_PREVIEWS = YES;
				INFOPLIST_FILE = OpoLua/Info.plist;
				LD_RUNPATH_SEARCH_PATHS = (
					"$(inherited)",
					"@executable_path/Frameworks",
				);
				MARKETING_VERSION = 1.0;
				PRODUCT_BUNDLE_IDENTIFIER = uk.co.inseven.opolua;
				PRODUCT_NAME = OpoLua;
				PROVISIONING_PROFILE_SPECIFIER = "OpoLua App Store Profile";
				"PROVISIONING_PROFILE_SPECIFIER[sdk=iphoneos*]" = "OpoLua App Store Profile";
				SDKROOT = iphoneos;
				SUPPORTS_MACCATALYST = NO;
				SWIFT_VERSION = 5.0;
				TARGETED_DEVICE_FAMILY = "1,2";
				VALIDATE_PRODUCT = YES;
			};
			name = Release;
		};
/* End XCBuildConfiguration section */

/* Begin XCConfigurationList section */
		DB79FE5A27428292005E904F /* Build configuration list for PBXProject "OpoLua" */ = {
			isa = XCConfigurationList;
			buildConfigurations = (
				DB79FE6B27428294005E904F /* Debug */,
				DB79FE6C27428294005E904F /* Release */,
			);
			defaultConfigurationIsVisible = 0;
			defaultConfigurationName = Release;
		};
		DB79FFB72742D88B005E904F /* Build configuration list for PBXNativeTarget "OpoLua" */ = {
			isa = XCConfigurationList;
			buildConfigurations = (
				DB79FFB82742D88B005E904F /* Debug */,
				DB79FFB92742D88B005E904F /* Release */,
			);
			defaultConfigurationIsVisible = 0;
			defaultConfigurationName = Release;
		};
/* End XCConfigurationList section */

/* Begin XCSwiftPackageProductDependency section */
		D86FBAB6278C75E1003DF611 /* Diligence */ = {
			isa = XCSwiftPackageProductDependency;
			productName = Diligence;
		};
		DB2363252B499772004802AD /* EmbedLuaPlugin */ = {
			isa = XCSwiftPackageProductDependency;
			productName = "plugin:EmbedLuaPlugin";
		};
		DB48A70C2A9CEC9200F698CB /* Lua */ = {
			isa = XCSwiftPackageProductDependency;
			productName = Lua;
		};
/* End XCSwiftPackageProductDependency section */
	};
	rootObject = DB79FE5727428292005E904F /* Project object */;
}
