// !$*UTF8*$!
{
	archiveVersion = 1;
	classes = {
	};
	objectVersion = 50;
	objects = {

/* Begin PBXBuildFile section */
		D861E8DB274A819D003C8D3D /* OPLObject.swift in Sources */ = {isa = PBXBuildFile; fileRef = D861E8DA274A819D003C8D3D /* OPLObject.swift */; };
		D861E8DD274A81B4003C8D3D /* Directory.swift in Sources */ = {isa = PBXBuildFile; fileRef = D861E8DC274A81B4003C8D3D /* Directory.swift */; };
		D87A62742752A67500075CB8 /* CGSize.swift in Sources */ = {isa = PBXBuildFile; fileRef = D87A62732752A67500075CB8 /* CGSize.swift */; };
		D87A9249274C517000254DE9 /* Assets.xcassets in Resources */ = {isa = PBXBuildFile; fileRef = DB79FE6427428294005E904F /* Assets.xcassets */; };
		D8891342274BF21900794D55 /* ChoiceViewController.swift in Sources */ = {isa = PBXBuildFile; fileRef = D8891341274BF21900794D55 /* ChoiceViewController.swift */; };
		D8891345274BF25D00794D55 /* SwitchTableViewCell.swift in Sources */ = {isa = PBXBuildFile; fileRef = D8891344274BF25D00794D55 /* SwitchTableViewCell.swift */; };
		D8891347274BF2D200794D55 /* DialogViewController.swift in Sources */ = {isa = PBXBuildFile; fileRef = D8891346274BF2D200794D55 /* DialogViewController.swift */; };
		D889134A274BF3B000794D55 /* TranslucentNavigationController.swift in Sources */ = {isa = PBXBuildFile; fileRef = D8891349274BF3B000794D55 /* TranslucentNavigationController.swift */; };
		D889134D274C17FF00794D55 /* CGContext.swift in Sources */ = {isa = PBXBuildFile; fileRef = D889134C274C17FF00794D55 /* CGContext.swift */; };
		D889134F274C181F00794D55 /* CGPoint.swift in Sources */ = {isa = PBXBuildFile; fileRef = D889134E274C181F00794D55 /* CGPoint.swift */; };
		D8891351274C184C00794D55 /* UIImage.swift in Sources */ = {isa = PBXBuildFile; fileRef = D8891350274C184C00794D55 /* UIImage.swift */; };
		D8891353274C186E00794D55 /* Canvas.swift in Sources */ = {isa = PBXBuildFile; fileRef = D8891352274C186E00794D55 /* Canvas.swift */; };
		D893EAD32760739500E64219 /* Border.swift in Sources */ = {isa = PBXBuildFile; fileRef = D893EAD22760739500E64219 /* Border.swift */; };
		D893EAD5276073CA00E64219 /* Borders in Resources */ = {isa = PBXBuildFile; fileRef = D893EAD4276073CA00E64219 /* Borders */; };
		D89A607A2756A2CC00C9757F /* FileManager.swift in Sources */ = {isa = PBXBuildFile; fileRef = D89A60792756A2CC00C9757F /* FileManager.swift */; };
		D89A607C2756A6A300C9757F /* URL.swift in Sources */ = {isa = PBXBuildFile; fileRef = D89A607B2756A6A300C9757F /* URL.swift */; };
		D89A607E2756A98200C9757F /* ViewController.swift in Sources */ = {isa = PBXBuildFile; fileRef = D89A607D2756A98200C9757F /* ViewController.swift */; };
		D89A60802756AE8800C9757F /* LibraryViewController.swift in Sources */ = {isa = PBXBuildFile; fileRef = D89A607F2756AE8800C9757F /* LibraryViewController.swift */; };
		D8BA096E2751960F00F4730D /* TextFieldTableViewCell.swift in Sources */ = {isa = PBXBuildFile; fileRef = D8BA096D2751960F00F4730D /* TextFieldTableViewCell.swift */; };
		D8BA0970275196CA00F4730D /* String.swift in Sources */ = {isa = PBXBuildFile; fileRef = D8BA096F275196CA00F4730D /* String.swift */; };
		D8BA09722751BBEA00F4730D /* UIElement.swift in Sources */ = {isa = PBXBuildFile; fileRef = D8BA09712751BBEA00F4730D /* UIElement.swift */; };
		D8C679BA27483B5600BD8720 /* DirectoryViewController.swift in Sources */ = {isa = PBXBuildFile; fileRef = D8C679B927483B5600BD8720 /* DirectoryViewController.swift */; };
		D8C679BD27484BF400BD8720 /* examples in Resources */ = {isa = PBXBuildFile; fileRef = D8C679BC27484BF400BD8720 /* examples */; };
		D8C712A4275AF50D00D83A3E /* ConcurrentQueue.swift in Sources */ = {isa = PBXBuildFile; fileRef = D8C712A3275AF50D00D83A3E /* ConcurrentQueue.swift */; };
		D8C712A6275AFC2300D83A3E /* HandleGenerator.swift in Sources */ = {isa = PBXBuildFile; fileRef = D8C712A5275AFC2300D83A3E /* HandleGenerator.swift */; };
		D8D50117275928CF008C1BC9 /* Scheduler.swift in Sources */ = {isa = PBXBuildFile; fileRef = D8D50116275928CF008C1BC9 /* Scheduler.swift */; };
		D8EB6FF82759682000FC139F /* UITextView.swift in Sources */ = {isa = PBXBuildFile; fileRef = D8EB6FF72759682000FC139F /* UITextView.swift */; };
		D8EB6FFA275995DB00FC139F /* Dictionary.swift in Sources */ = {isa = PBXBuildFile; fileRef = D8EB6FF9275995DB00FC139F /* Dictionary.swift */; };
		D8EB6FFC2759BB3500FC139F /* ConcurrentBox.swift in Sources */ = {isa = PBXBuildFile; fileRef = D8EB6FFB2759BB3500FC139F /* ConcurrentBox.swift */; };
		D8FE60032757106300711717 /* Location.swift in Sources */ = {isa = PBXBuildFile; fileRef = D8FE60022757106300711717 /* Location.swift */; };
		D8FE60052757177200711717 /* Settings.swift in Sources */ = {isa = PBXBuildFile; fileRef = D8FE60042757177200711717 /* Settings.swift */; };
		D8FE60072757201600711717 /* Bundle.swift in Sources */ = {isa = PBXBuildFile; fileRef = D8FE60062757201600711717 /* Bundle.swift */; };
		D8FE60092757208000711717 /* ApplicationError.swift in Sources */ = {isa = PBXBuildFile; fileRef = D8FE60082757208000711717 /* ApplicationError.swift */; };
		DB5AC970275198A20043FE5C /* database.lua in Resources */ = {isa = PBXBuildFile; fileRef = DB5AC96F275198A20043FE5C /* database.lua */; };
		DB5AC972275577990043FE5C /* mbm.lua in Resources */ = {isa = PBXBuildFile; fileRef = DB5AC971275577980043FE5C /* mbm.lua */; };
		DB5AC974275681510043FE5C /* CanvasView.swift in Sources */ = {isa = PBXBuildFile; fileRef = DB5AC973275681510043FE5C /* CanvasView.swift */; };
		DB5AC9762757B6ED0043FE5C /* OpoIoHandler_CGExtensions.swift in Sources */ = {isa = PBXBuildFile; fileRef = DB5AC9752757B6ED0043FE5C /* OpoIoHandler_CGExtensions.swift */; };
		DB5AC97827583DC70043FE5C /* opx in Resources */ = {isa = PBXBuildFile; fileRef = DB5AC97727583DC70043FE5C /* opx */; };
		DB5AC97A275AC72A0043FE5C /* sound.lua in Resources */ = {isa = PBXBuildFile; fileRef = DB5AC979275AC72A0043FE5C /* sound.lua */; };
		DB5AC97C275CD5690043FE5C /* opl.lua in Resources */ = {isa = PBXBuildFile; fileRef = DB5AC97B275CD5690043FE5C /* opl.lua */; };
		DB7900002742E6F6005E904F /* ldebug.c in Sources */ = {isa = PBXBuildFile; fileRef = DB79FF7B2742D5BD005E904F /* ldebug.c */; };
		DB7900012742E6F6005E904F /* ldo.c in Sources */ = {isa = PBXBuildFile; fileRef = DB79FF6F2742D5BD005E904F /* ldo.c */; };
		DB7900022742E6F6005E904F /* ldump.c in Sources */ = {isa = PBXBuildFile; fileRef = DB79FF602742D5BB005E904F /* ldump.c */; };
		DB7900032742E6F6005E904F /* lfunc.c in Sources */ = {isa = PBXBuildFile; fileRef = DB79FF642742D5BC005E904F /* lfunc.c */; };
		DB7900042742E6F6005E904F /* lgc.c in Sources */ = {isa = PBXBuildFile; fileRef = DB79FF712742D5BD005E904F /* lgc.c */; settings = {COMPILER_FLAGS = "-Wno-comma"; }; };
		DB7900062742E6F6005E904F /* liolib.c in Sources */ = {isa = PBXBuildFile; fileRef = DB79FF702742D5BD005E904F /* liolib.c */; settings = {COMPILER_FLAGS = "-Wno-comma"; }; };
		DB7900072742E6F6005E904F /* llex.c in Sources */ = {isa = PBXBuildFile; fileRef = DB79FF5C2742D5BA005E904F /* llex.c */; settings = {COMPILER_FLAGS = "-Wno-comma"; }; };
		DB7900082742E6F6005E904F /* lmathlib.c in Sources */ = {isa = PBXBuildFile; fileRef = DB79FF612742D5BB005E904F /* lmathlib.c */; };
		DB7900092742E6F6005E904F /* lmem.c in Sources */ = {isa = PBXBuildFile; fileRef = DB79FF6C2742D5BC005E904F /* lmem.c */; };
		DB79000A2742E6F6005E904F /* loadlib.c in Sources */ = {isa = PBXBuildFile; fileRef = DB79FF722742D5BD005E904F /* loadlib.c */; };
		DB79000B2742E6F6005E904F /* lobject.c in Sources */ = {isa = PBXBuildFile; fileRef = DB79FF782742D5BD005E904F /* lobject.c */; };
		DB79000C2742E6F6005E904F /* lopcodes.c in Sources */ = {isa = PBXBuildFile; fileRef = DB79FF632742D5BC005E904F /* lopcodes.c */; };
		DB79000E2742E6F6005E904F /* lparser.c in Sources */ = {isa = PBXBuildFile; fileRef = DB79FF652742D5BC005E904F /* lparser.c */; };
		DB79000F2742E6F6005E904F /* lstate.c in Sources */ = {isa = PBXBuildFile; fileRef = DB79FF732742D5BD005E904F /* lstate.c */; };
		DB7900102742E6F6005E904F /* lstring.c in Sources */ = {isa = PBXBuildFile; fileRef = DB79FF792742D5BD005E904F /* lstring.c */; };
		DB7900112742E6F6005E904F /* lstrlib.c in Sources */ = {isa = PBXBuildFile; fileRef = DB79FF5D2742D5BB005E904F /* lstrlib.c */; };
		DB7900122742E6F6005E904F /* ltable.c in Sources */ = {isa = PBXBuildFile; fileRef = DB79FF772742D5BD005E904F /* ltable.c */; settings = {COMPILER_FLAGS = "-Wno-conditional-uninitialized"; }; };
		DB7900132742E6F6005E904F /* ltablib.c in Sources */ = {isa = PBXBuildFile; fileRef = DB79FF742742D5BD005E904F /* ltablib.c */; settings = {COMPILER_FLAGS = "-Wno-comma"; }; };
		DB7900142742E6F6005E904F /* ltm.c in Sources */ = {isa = PBXBuildFile; fileRef = DB79FF682742D5BC005E904F /* ltm.c */; };
		DB7900152742E6F6005E904F /* lundump.c in Sources */ = {isa = PBXBuildFile; fileRef = DB79FF5E2742D5BB005E904F /* lundump.c */; settings = {COMPILER_FLAGS = "-Wno-string-plus-int"; }; };
		DB7900162742E6F6005E904F /* lutf8lib.c in Sources */ = {isa = PBXBuildFile; fileRef = DB79FF622742D5BB005E904F /* lutf8lib.c */; };
		DB7900172742E6F6005E904F /* lvm.c in Sources */ = {isa = PBXBuildFile; fileRef = DB79FF5F2742D5BB005E904F /* lvm.c */; };
		DB7900182742E6F6005E904F /* lzio.c in Sources */ = {isa = PBXBuildFile; fileRef = DB79FF6A2742D5BC005E904F /* lzio.c */; };
		DB79001D2746BC33005E904F /* OpoIoHandler.swift in Sources */ = {isa = PBXBuildFile; fileRef = DB79001B2746B88F005E904F /* OpoIoHandler.swift */; };
		DB7900232746C771005E904F /* lua_State.swift in Sources */ = {isa = PBXBuildFile; fileRef = DB7900212746C771005E904F /* lua_State.swift */; };
		DB7900262746D915005E904F /* defaultiohandler.lua in Resources */ = {isa = PBXBuildFile; fileRef = DB7900242746D915005E904F /* defaultiohandler.lua */; };
		DB79FFBE2742D99C005E904F /* ProgramViewController.swift in Sources */ = {isa = PBXBuildFile; fileRef = DB79FFBD2742D99C005E904F /* ProgramViewController.swift */; };
		DB79FFDF2742DEBE005E904F /* AppDelegate.swift in Sources */ = {isa = PBXBuildFile; fileRef = DB79FE6227428292005E904F /* AppDelegate.swift */; };
		DB79FFE62742E596005E904F /* OpoInterpreter.swift in Sources */ = {isa = PBXBuildFile; fileRef = DB79FFE52742E596005E904F /* OpoInterpreter.swift */; };
		DB79FFF02742E631005E904F /* runtime.lua in Resources */ = {isa = PBXBuildFile; fileRef = DB79FFE82742E631005E904F /* runtime.lua */; };
		DB79FFF12742E631005E904F /* init.lua in Resources */ = {isa = PBXBuildFile; fileRef = DB79FFE92742E631005E904F /* init.lua */; };
		DB79FFF22742E631005E904F /* fns.lua in Resources */ = {isa = PBXBuildFile; fileRef = DB79FFEA2742E631005E904F /* fns.lua */; };
		DB79FFF32742E631005E904F /* opofile.lua in Resources */ = {isa = PBXBuildFile; fileRef = DB79FFEB2742E631005E904F /* opofile.lua */; };
		DB79FFF42742E631005E904F /* runopo.lua in Resources */ = {isa = PBXBuildFile; fileRef = DB79FFEC2742E631005E904F /* runopo.lua */; };
		DB79FFF52742E631005E904F /* dumpopo.lua in Resources */ = {isa = PBXBuildFile; fileRef = DB79FFED2742E631005E904F /* dumpopo.lua */; };
		DB79FFF62742E631005E904F /* stack.lua in Resources */ = {isa = PBXBuildFile; fileRef = DB79FFEE2742E631005E904F /* stack.lua */; };
		DB79FFF72742E631005E904F /* ops.lua in Resources */ = {isa = PBXBuildFile; fileRef = DB79FFEF2742E631005E904F /* ops.lua */; };
		DB79FFF82742E6F6005E904F /* lapi.c in Sources */ = {isa = PBXBuildFile; fileRef = DB79FF6D2742D5BC005E904F /* lapi.c */; };
		DB79FFF92742E6F6005E904F /* lauxlib.c in Sources */ = {isa = PBXBuildFile; fileRef = DB79FF7A2742D5BD005E904F /* lauxlib.c */; };
		DB79FFFA2742E6F6005E904F /* lbaselib.c in Sources */ = {isa = PBXBuildFile; fileRef = DB79FF7C2742D5BE005E904F /* lbaselib.c */; };
		DB79FFFB2742E6F6005E904F /* lbitlib.c in Sources */ = {isa = PBXBuildFile; fileRef = DB79FF752742D5BD005E904F /* lbitlib.c */; };
		DB79FFFC2742E6F6005E904F /* lcode.c in Sources */ = {isa = PBXBuildFile; fileRef = DB79FF6E2742D5BC005E904F /* lcode.c */; };
		DB79FFFD2742E6F6005E904F /* lcorolib.c in Sources */ = {isa = PBXBuildFile; fileRef = DB79FF662742D5BC005E904F /* lcorolib.c */; };
		DB79FFFE2742E6F6005E904F /* lctype.c in Sources */ = {isa = PBXBuildFile; fileRef = DB79FF6B2742D5BC005E904F /* lctype.c */; };
		DB79FFFF2742E6F6005E904F /* ldblib.c in Sources */ = {isa = PBXBuildFile; fileRef = DB79FF692742D5BC005E904F /* ldblib.c */; };
		DB9B7C31274A771A006B6F60 /* loslib.c in Sources */ = {isa = PBXBuildFile; fileRef = DB9B7C30274A771A006B6F60 /* loslib.c */; };
		DBACE9C3274F895D002612DF /* modules in Resources */ = {isa = PBXBuildFile; fileRef = DBACE9C2274F895D002612DF /* modules */; };
		DBE91523276A9D0A00BDB8F5 /* memory.lua in Resources */ = {isa = PBXBuildFile; fileRef = DBE91522276A9D0900BDB8F5 /* memory.lua */; };
		DBE91525276D25AA00BDB8F5 /* UIKey.swift in Sources */ = {isa = PBXBuildFile; fileRef = DBE91524276D25A900BDB8F5 /* UIKey.swift */; };
/* End PBXBuildFile section */

/* Begin PBXFileReference section */
		D861E8DA274A819D003C8D3D /* OPLObject.swift */ = {isa = PBXFileReference; lastKnownFileType = sourcecode.swift; path = OPLObject.swift; sourceTree = "<group>"; };
		D861E8DC274A81B4003C8D3D /* Directory.swift */ = {isa = PBXFileReference; lastKnownFileType = sourcecode.swift; path = Directory.swift; sourceTree = "<group>"; };
		D87A62732752A67500075CB8 /* CGSize.swift */ = {isa = PBXFileReference; lastKnownFileType = sourcecode.swift; path = CGSize.swift; sourceTree = "<group>"; };
		D8891341274BF21900794D55 /* ChoiceViewController.swift */ = {isa = PBXFileReference; lastKnownFileType = sourcecode.swift; path = ChoiceViewController.swift; sourceTree = "<group>"; };
		D8891344274BF25D00794D55 /* SwitchTableViewCell.swift */ = {isa = PBXFileReference; lastKnownFileType = sourcecode.swift; path = SwitchTableViewCell.swift; sourceTree = "<group>"; };
		D8891346274BF2D200794D55 /* DialogViewController.swift */ = {isa = PBXFileReference; lastKnownFileType = sourcecode.swift; path = DialogViewController.swift; sourceTree = "<group>"; };
		D8891349274BF3B000794D55 /* TranslucentNavigationController.swift */ = {isa = PBXFileReference; lastKnownFileType = sourcecode.swift; path = TranslucentNavigationController.swift; sourceTree = "<group>"; };
		D889134C274C17FF00794D55 /* CGContext.swift */ = {isa = PBXFileReference; lastKnownFileType = sourcecode.swift; path = CGContext.swift; sourceTree = "<group>"; };
		D889134E274C181F00794D55 /* CGPoint.swift */ = {isa = PBXFileReference; lastKnownFileType = sourcecode.swift; path = CGPoint.swift; sourceTree = "<group>"; };
		D8891350274C184C00794D55 /* UIImage.swift */ = {isa = PBXFileReference; lastKnownFileType = sourcecode.swift; path = UIImage.swift; sourceTree = "<group>"; };
		D8891352274C186E00794D55 /* Canvas.swift */ = {isa = PBXFileReference; lastKnownFileType = sourcecode.swift; path = Canvas.swift; sourceTree = "<group>"; };
		D893EAD22760739500E64219 /* Border.swift */ = {isa = PBXFileReference; lastKnownFileType = sourcecode.swift; path = Border.swift; sourceTree = "<group>"; };
		D893EAD4276073CA00E64219 /* Borders */ = {isa = PBXFileReference; lastKnownFileType = folder; path = Borders; sourceTree = "<group>"; };
		D89A60792756A2CC00C9757F /* FileManager.swift */ = {isa = PBXFileReference; lastKnownFileType = sourcecode.swift; path = FileManager.swift; sourceTree = "<group>"; };
		D89A607B2756A6A300C9757F /* URL.swift */ = {isa = PBXFileReference; lastKnownFileType = sourcecode.swift; path = URL.swift; sourceTree = "<group>"; };
		D89A607D2756A98200C9757F /* ViewController.swift */ = {isa = PBXFileReference; lastKnownFileType = sourcecode.swift; path = ViewController.swift; sourceTree = "<group>"; };
		D89A607F2756AE8800C9757F /* LibraryViewController.swift */ = {isa = PBXFileReference; lastKnownFileType = sourcecode.swift; path = LibraryViewController.swift; sourceTree = "<group>"; };
		D8BA096D2751960F00F4730D /* TextFieldTableViewCell.swift */ = {isa = PBXFileReference; lastKnownFileType = sourcecode.swift; path = TextFieldTableViewCell.swift; sourceTree = "<group>"; };
		D8BA096F275196CA00F4730D /* String.swift */ = {isa = PBXFileReference; lastKnownFileType = sourcecode.swift; path = String.swift; sourceTree = "<group>"; };
		D8BA09712751BBEA00F4730D /* UIElement.swift */ = {isa = PBXFileReference; lastKnownFileType = sourcecode.swift; path = UIElement.swift; sourceTree = "<group>"; };
		D8C679B927483B5600BD8720 /* DirectoryViewController.swift */ = {isa = PBXFileReference; lastKnownFileType = sourcecode.swift; path = DirectoryViewController.swift; sourceTree = "<group>"; };
		D8C679BC27484BF400BD8720 /* examples */ = {isa = PBXFileReference; lastKnownFileType = folder; path = examples; sourceTree = "<group>"; };
		D8C712A3275AF50D00D83A3E /* ConcurrentQueue.swift */ = {isa = PBXFileReference; lastKnownFileType = sourcecode.swift; path = ConcurrentQueue.swift; sourceTree = "<group>"; };
		D8C712A5275AFC2300D83A3E /* HandleGenerator.swift */ = {isa = PBXFileReference; lastKnownFileType = sourcecode.swift; path = HandleGenerator.swift; sourceTree = "<group>"; };
		D8D50116275928CF008C1BC9 /* Scheduler.swift */ = {isa = PBXFileReference; lastKnownFileType = sourcecode.swift; path = Scheduler.swift; sourceTree = "<group>"; };
		D8EB6FF72759682000FC139F /* UITextView.swift */ = {isa = PBXFileReference; lastKnownFileType = sourcecode.swift; path = UITextView.swift; sourceTree = "<group>"; };
		D8EB6FF9275995DB00FC139F /* Dictionary.swift */ = {isa = PBXFileReference; lastKnownFileType = sourcecode.swift; path = Dictionary.swift; sourceTree = "<group>"; };
		D8EB6FFB2759BB3500FC139F /* ConcurrentBox.swift */ = {isa = PBXFileReference; lastKnownFileType = sourcecode.swift; path = ConcurrentBox.swift; sourceTree = "<group>"; };
		D8FE60022757106300711717 /* Location.swift */ = {isa = PBXFileReference; lastKnownFileType = sourcecode.swift; path = Location.swift; sourceTree = "<group>"; };
		D8FE60042757177200711717 /* Settings.swift */ = {isa = PBXFileReference; lastKnownFileType = sourcecode.swift; path = Settings.swift; sourceTree = "<group>"; };
		D8FE60062757201600711717 /* Bundle.swift */ = {isa = PBXFileReference; lastKnownFileType = sourcecode.swift; path = Bundle.swift; sourceTree = "<group>"; };
		D8FE60082757208000711717 /* ApplicationError.swift */ = {isa = PBXFileReference; lastKnownFileType = sourcecode.swift; path = ApplicationError.swift; sourceTree = "<group>"; };
		DB5AC96F275198A20043FE5C /* database.lua */ = {isa = PBXFileReference; fileEncoding = 4; lastKnownFileType = text; path = database.lua; sourceTree = "<group>"; };
		DB5AC971275577980043FE5C /* mbm.lua */ = {isa = PBXFileReference; fileEncoding = 4; lastKnownFileType = text; path = mbm.lua; sourceTree = "<group>"; };
		DB5AC973275681510043FE5C /* CanvasView.swift */ = {isa = PBXFileReference; lastKnownFileType = sourcecode.swift; path = CanvasView.swift; sourceTree = "<group>"; };
		DB5AC9752757B6ED0043FE5C /* OpoIoHandler_CGExtensions.swift */ = {isa = PBXFileReference; fileEncoding = 4; lastKnownFileType = sourcecode.swift; path = OpoIoHandler_CGExtensions.swift; sourceTree = "<group>"; };
		DB5AC97727583DC70043FE5C /* opx */ = {isa = PBXFileReference; lastKnownFileType = folder; path = opx; sourceTree = "<group>"; };
		DB5AC979275AC72A0043FE5C /* sound.lua */ = {isa = PBXFileReference; fileEncoding = 4; lastKnownFileType = text; path = sound.lua; sourceTree = "<group>"; };
		DB5AC97B275CD5690043FE5C /* opl.lua */ = {isa = PBXFileReference; fileEncoding = 4; lastKnownFileType = text; path = opl.lua; sourceTree = "<group>"; };
		DB79001B2746B88F005E904F /* OpoIoHandler.swift */ = {isa = PBXFileReference; lastKnownFileType = sourcecode.swift; path = OpoIoHandler.swift; sourceTree = "<group>"; };
		DB7900212746C771005E904F /* lua_State.swift */ = {isa = PBXFileReference; fileEncoding = 4; lastKnownFileType = sourcecode.swift; path = lua_State.swift; sourceTree = "<group>"; };
		DB7900242746D915005E904F /* defaultiohandler.lua */ = {isa = PBXFileReference; fileEncoding = 4; lastKnownFileType = text; path = defaultiohandler.lua; sourceTree = "<group>"; };
		DB79FE6227428292005E904F /* AppDelegate.swift */ = {isa = PBXFileReference; lastKnownFileType = sourcecode.swift; path = AppDelegate.swift; sourceTree = "<group>"; };
		DB79FE6427428294005E904F /* Assets.xcassets */ = {isa = PBXFileReference; lastKnownFileType = folder.assetcatalog; path = Assets.xcassets; sourceTree = "<group>"; };
		DB79FE6927428294005E904F /* Info.plist */ = {isa = PBXFileReference; lastKnownFileType = text.plist.xml; path = Info.plist; sourceTree = "<group>"; };
		DB79FE6A27428294005E904F /* OpoLua.entitlements */ = {isa = PBXFileReference; lastKnownFileType = text.plist.entitlements; path = OpoLua.entitlements; sourceTree = "<group>"; };
		DB79FF5C2742D5BA005E904F /* llex.c */ = {isa = PBXFileReference; fileEncoding = 4; lastKnownFileType = sourcecode.c.c; path = llex.c; sourceTree = "<group>"; };
		DB79FF5D2742D5BB005E904F /* lstrlib.c */ = {isa = PBXFileReference; fileEncoding = 4; lastKnownFileType = sourcecode.c.c; path = lstrlib.c; sourceTree = "<group>"; };
		DB79FF5E2742D5BB005E904F /* lundump.c */ = {isa = PBXFileReference; fileEncoding = 4; lastKnownFileType = sourcecode.c.c; path = lundump.c; sourceTree = "<group>"; };
		DB79FF5F2742D5BB005E904F /* lvm.c */ = {isa = PBXFileReference; fileEncoding = 4; lastKnownFileType = sourcecode.c.c; path = lvm.c; sourceTree = "<group>"; };
		DB79FF602742D5BB005E904F /* ldump.c */ = {isa = PBXFileReference; fileEncoding = 4; lastKnownFileType = sourcecode.c.c; path = ldump.c; sourceTree = "<group>"; };
		DB79FF612742D5BB005E904F /* lmathlib.c */ = {isa = PBXFileReference; fileEncoding = 4; lastKnownFileType = sourcecode.c.c; path = lmathlib.c; sourceTree = "<group>"; };
		DB79FF622742D5BB005E904F /* lutf8lib.c */ = {isa = PBXFileReference; fileEncoding = 4; lastKnownFileType = sourcecode.c.c; path = lutf8lib.c; sourceTree = "<group>"; };
		DB79FF632742D5BC005E904F /* lopcodes.c */ = {isa = PBXFileReference; fileEncoding = 4; lastKnownFileType = sourcecode.c.c; path = lopcodes.c; sourceTree = "<group>"; };
		DB79FF642742D5BC005E904F /* lfunc.c */ = {isa = PBXFileReference; fileEncoding = 4; lastKnownFileType = sourcecode.c.c; path = lfunc.c; sourceTree = "<group>"; };
		DB79FF652742D5BC005E904F /* lparser.c */ = {isa = PBXFileReference; fileEncoding = 4; lastKnownFileType = sourcecode.c.c; path = lparser.c; sourceTree = "<group>"; };
		DB79FF662742D5BC005E904F /* lcorolib.c */ = {isa = PBXFileReference; fileEncoding = 4; lastKnownFileType = sourcecode.c.c; path = lcorolib.c; sourceTree = "<group>"; };
		DB79FF682742D5BC005E904F /* ltm.c */ = {isa = PBXFileReference; fileEncoding = 4; lastKnownFileType = sourcecode.c.c; path = ltm.c; sourceTree = "<group>"; };
		DB79FF692742D5BC005E904F /* ldblib.c */ = {isa = PBXFileReference; fileEncoding = 4; lastKnownFileType = sourcecode.c.c; path = ldblib.c; sourceTree = "<group>"; };
		DB79FF6A2742D5BC005E904F /* lzio.c */ = {isa = PBXFileReference; fileEncoding = 4; lastKnownFileType = sourcecode.c.c; path = lzio.c; sourceTree = "<group>"; };
		DB79FF6B2742D5BC005E904F /* lctype.c */ = {isa = PBXFileReference; fileEncoding = 4; lastKnownFileType = sourcecode.c.c; path = lctype.c; sourceTree = "<group>"; };
		DB79FF6C2742D5BC005E904F /* lmem.c */ = {isa = PBXFileReference; fileEncoding = 4; lastKnownFileType = sourcecode.c.c; path = lmem.c; sourceTree = "<group>"; };
		DB79FF6D2742D5BC005E904F /* lapi.c */ = {isa = PBXFileReference; fileEncoding = 4; lastKnownFileType = sourcecode.c.c; path = lapi.c; sourceTree = "<group>"; };
		DB79FF6E2742D5BC005E904F /* lcode.c */ = {isa = PBXFileReference; fileEncoding = 4; lastKnownFileType = sourcecode.c.c; path = lcode.c; sourceTree = "<group>"; };
		DB79FF6F2742D5BD005E904F /* ldo.c */ = {isa = PBXFileReference; fileEncoding = 4; lastKnownFileType = sourcecode.c.c; path = ldo.c; sourceTree = "<group>"; };
		DB79FF702742D5BD005E904F /* liolib.c */ = {isa = PBXFileReference; fileEncoding = 4; lastKnownFileType = sourcecode.c.c; path = liolib.c; sourceTree = "<group>"; };
		DB79FF712742D5BD005E904F /* lgc.c */ = {isa = PBXFileReference; fileEncoding = 4; lastKnownFileType = sourcecode.c.c; path = lgc.c; sourceTree = "<group>"; };
		DB79FF722742D5BD005E904F /* loadlib.c */ = {isa = PBXFileReference; fileEncoding = 4; lastKnownFileType = sourcecode.c.c; path = loadlib.c; sourceTree = "<group>"; };
		DB79FF732742D5BD005E904F /* lstate.c */ = {isa = PBXFileReference; fileEncoding = 4; lastKnownFileType = sourcecode.c.c; path = lstate.c; sourceTree = "<group>"; };
		DB79FF742742D5BD005E904F /* ltablib.c */ = {isa = PBXFileReference; fileEncoding = 4; lastKnownFileType = sourcecode.c.c; path = ltablib.c; sourceTree = "<group>"; };
		DB79FF752742D5BD005E904F /* lbitlib.c */ = {isa = PBXFileReference; fileEncoding = 4; lastKnownFileType = sourcecode.c.c; path = lbitlib.c; sourceTree = "<group>"; };
		DB79FF772742D5BD005E904F /* ltable.c */ = {isa = PBXFileReference; fileEncoding = 4; lastKnownFileType = sourcecode.c.c; path = ltable.c; sourceTree = "<group>"; };
		DB79FF782742D5BD005E904F /* lobject.c */ = {isa = PBXFileReference; fileEncoding = 4; lastKnownFileType = sourcecode.c.c; path = lobject.c; sourceTree = "<group>"; };
		DB79FF792742D5BD005E904F /* lstring.c */ = {isa = PBXFileReference; fileEncoding = 4; lastKnownFileType = sourcecode.c.c; path = lstring.c; sourceTree = "<group>"; };
		DB79FF7A2742D5BD005E904F /* lauxlib.c */ = {isa = PBXFileReference; fileEncoding = 4; lastKnownFileType = sourcecode.c.c; path = lauxlib.c; sourceTree = "<group>"; };
		DB79FF7B2742D5BD005E904F /* ldebug.c */ = {isa = PBXFileReference; fileEncoding = 4; lastKnownFileType = sourcecode.c.c; path = ldebug.c; sourceTree = "<group>"; };
		DB79FF7C2742D5BE005E904F /* lbaselib.c */ = {isa = PBXFileReference; fileEncoding = 4; lastKnownFileType = sourcecode.c.c; path = lbaselib.c; sourceTree = "<group>"; };
		DB79FFA62742D88A005E904F /* OpoLua.app */ = {isa = PBXFileReference; explicitFileType = wrapper.application; includeInIndex = 0; path = OpoLua.app; sourceTree = BUILT_PRODUCTS_DIR; };
		DB79FFBD2742D99C005E904F /* ProgramViewController.swift */ = {isa = PBXFileReference; lastKnownFileType = sourcecode.swift; path = ProgramViewController.swift; sourceTree = "<group>"; };
		DB79FFE22742E52B005E904F /* opolua-bridge.h */ = {isa = PBXFileReference; fileEncoding = 4; lastKnownFileType = sourcecode.c.h; path = "opolua-bridge.h"; sourceTree = "<group>"; };
		DB79FFE52742E596005E904F /* OpoInterpreter.swift */ = {isa = PBXFileReference; lastKnownFileType = sourcecode.swift; path = OpoInterpreter.swift; sourceTree = "<group>"; };
		DB79FFE82742E631005E904F /* runtime.lua */ = {isa = PBXFileReference; fileEncoding = 4; lastKnownFileType = text; path = runtime.lua; sourceTree = "<group>"; };
		DB79FFE92742E631005E904F /* init.lua */ = {isa = PBXFileReference; fileEncoding = 4; lastKnownFileType = text; path = init.lua; sourceTree = "<group>"; };
		DB79FFEA2742E631005E904F /* fns.lua */ = {isa = PBXFileReference; fileEncoding = 4; lastKnownFileType = text; path = fns.lua; sourceTree = "<group>"; };
		DB79FFEB2742E631005E904F /* opofile.lua */ = {isa = PBXFileReference; fileEncoding = 4; lastKnownFileType = text; path = opofile.lua; sourceTree = "<group>"; };
		DB79FFEC2742E631005E904F /* runopo.lua */ = {isa = PBXFileReference; fileEncoding = 4; lastKnownFileType = text; path = runopo.lua; sourceTree = "<group>"; };
		DB79FFED2742E631005E904F /* dumpopo.lua */ = {isa = PBXFileReference; fileEncoding = 4; lastKnownFileType = text; path = dumpopo.lua; sourceTree = "<group>"; };
		DB79FFEE2742E631005E904F /* stack.lua */ = {isa = PBXFileReference; fileEncoding = 4; lastKnownFileType = text; path = stack.lua; sourceTree = "<group>"; };
		DB79FFEF2742E631005E904F /* ops.lua */ = {isa = PBXFileReference; fileEncoding = 4; lastKnownFileType = text; path = ops.lua; sourceTree = "<group>"; };
		DB9B7C30274A771A006B6F60 /* loslib.c */ = {isa = PBXFileReference; fileEncoding = 4; lastKnownFileType = sourcecode.c.c; path = loslib.c; sourceTree = "<group>"; };
		DB9B7C33274A7B9B006B6F60 /* luauser.h */ = {isa = PBXFileReference; lastKnownFileType = sourcecode.c.h; path = luauser.h; sourceTree = "<group>"; };
		DBACE9C2274F895D002612DF /* modules */ = {isa = PBXFileReference; lastKnownFileType = folder; path = modules; sourceTree = "<group>"; };
		DBE91522276A9D0900BDB8F5 /* memory.lua */ = {isa = PBXFileReference; fileEncoding = 4; lastKnownFileType = text; path = memory.lua; sourceTree = "<group>"; };
		DBE91524276D25A900BDB8F5 /* UIKey.swift */ = {isa = PBXFileReference; lastKnownFileType = sourcecode.swift; path = UIKey.swift; sourceTree = "<group>"; };
/* End PBXFileReference section */

/* Begin PBXFrameworksBuildPhase section */
		DB79FFA32742D88A005E904F /* Frameworks */ = {
			isa = PBXFrameworksBuildPhase;
			buildActionMask = 2147483647;
			files = (
			);
			runOnlyForDeploymentPostprocessing = 0;
		};
/* End PBXFrameworksBuildPhase section */

/* Begin PBXGroup section */
		D861E8D9274A818D003C8D3D /* Model */ = {
			isa = PBXGroup;
			children = (
				D8FE60082757208000711717 /* ApplicationError.swift */,
				D8EB6FFB2759BB3500FC139F /* ConcurrentBox.swift */,
				D8C712A3275AF50D00D83A3E /* ConcurrentQueue.swift */,
				D861E8DC274A81B4003C8D3D /* Directory.swift */,
				D8C712A5275AFC2300D83A3E /* HandleGenerator.swift */,
				D8FE60022757106300711717 /* Location.swift */,
				D861E8DA274A819D003C8D3D /* OPLObject.swift */,
				D8D50116275928CF008C1BC9 /* Scheduler.swift */,
				D8FE60042757177200711717 /* Settings.swift */,
				D893EAD22760739500E64219 /* Border.swift */,
			);
			path = Model;
			sourceTree = "<group>";
		};
		D8891343274BF24D00794D55 /* Views */ = {
			isa = PBXGroup;
			children = (
				D8891352274C186E00794D55 /* Canvas.swift */,
				DB5AC973275681510043FE5C /* CanvasView.swift */,
				D8891344274BF25D00794D55 /* SwitchTableViewCell.swift */,
				D8BA096D2751960F00F4730D /* TextFieldTableViewCell.swift */,
			);
			path = Views;
			sourceTree = "<group>";
		};
		D889134B274C17F300794D55 /* Extensions */ = {
			isa = PBXGroup;
			children = (
				D8FE60062757201600711717 /* Bundle.swift */,
				D889134C274C17FF00794D55 /* CGContext.swift */,
				D889134E274C181F00794D55 /* CGPoint.swift */,
				D87A62732752A67500075CB8 /* CGSize.swift */,
				D8EB6FF9275995DB00FC139F /* Dictionary.swift */,
				D89A60792756A2CC00C9757F /* FileManager.swift */,
				D8BA096F275196CA00F4730D /* String.swift */,
				D8BA09712751BBEA00F4730D /* UIElement.swift */,
				D8891350274C184C00794D55 /* UIImage.swift */,
				D8EB6FF72759682000FC139F /* UITextView.swift */,
				D89A607B2756A6A300C9757F /* URL.swift */,
				D89A607D2756A98200C9757F /* ViewController.swift */,
				DBE91524276D25A900BDB8F5 /* UIKey.swift */,
			);
			path = Extensions;
			sourceTree = "<group>";
		};
		D8C679BB27484BB800BD8720 /* View Controllers */ = {
			isa = PBXGroup;
			children = (
				D8891341274BF21900794D55 /* ChoiceViewController.swift */,
				D8891346274BF2D200794D55 /* DialogViewController.swift */,
				D8C679B927483B5600BD8720 /* DirectoryViewController.swift */,
				D89A607F2756AE8800C9757F /* LibraryViewController.swift */,
				DB79FFBD2742D99C005E904F /* ProgramViewController.swift */,
				D8891349274BF3B000794D55 /* TranslucentNavigationController.swift */,
			);
			path = "View Controllers";
			sourceTree = "<group>";
		};
		DB79FE5627428292005E904F = {
			isa = PBXGroup;
			children = (
				D8C679BC27484BF400BD8720 /* examples */,
				DB79FE6127428292005E904F /* OpoLua */,
				DB79FEB527429761005E904F /* lua */,
				DB9B7C32274A7B9B006B6F60 /* luaconf */,
				DB79FFE72742E631005E904F /* src */,
				DB79FFE12742E52B005E904F /* swift */,
				DB79FE6027428292005E904F /* Products */,
			);
			sourceTree = "<group>";
		};
		DB79FE6027428292005E904F /* Products */ = {
			isa = PBXGroup;
			children = (
				DB79FFA62742D88A005E904F /* OpoLua.app */,
			);
			name = Products;
			sourceTree = "<group>";
		};
		DB79FE6127428292005E904F /* OpoLua */ = {
			isa = PBXGroup;
			children = (
				D893EAD4276073CA00E64219 /* Borders */,
				DB79FE6A27428294005E904F /* OpoLua.entitlements */,
				DB79FE6927428294005E904F /* Info.plist */,
				DB79FE6227428292005E904F /* AppDelegate.swift */,
				DB79FE6427428294005E904F /* Assets.xcassets */,
				D889134B274C17F300794D55 /* Extensions */,
				D861E8D9274A818D003C8D3D /* Model */,
				D8C679BB27484BB800BD8720 /* View Controllers */,
				D8891343274BF24D00794D55 /* Views */,
			);
			path = OpoLua;
			sourceTree = "<group>";
		};
		DB79FEB527429761005E904F /* lua */ = {
			isa = PBXGroup;
			children = (
				DB79FF6D2742D5BC005E904F /* lapi.c */,
				DB79FF7A2742D5BD005E904F /* lauxlib.c */,
				DB79FF7C2742D5BE005E904F /* lbaselib.c */,
				DB79FF752742D5BD005E904F /* lbitlib.c */,
				DB79FF6E2742D5BC005E904F /* lcode.c */,
				DB79FF662742D5BC005E904F /* lcorolib.c */,
				DB79FF6B2742D5BC005E904F /* lctype.c */,
				DB79FF692742D5BC005E904F /* ldblib.c */,
				DB79FF7B2742D5BD005E904F /* ldebug.c */,
				DB79FF6F2742D5BD005E904F /* ldo.c */,
				DB79FF602742D5BB005E904F /* ldump.c */,
				DB79FF642742D5BC005E904F /* lfunc.c */,
				DB79FF712742D5BD005E904F /* lgc.c */,
				DB79FF702742D5BD005E904F /* liolib.c */,
				DB79FF5C2742D5BA005E904F /* llex.c */,
				DB79FF612742D5BB005E904F /* lmathlib.c */,
				DB79FF6C2742D5BC005E904F /* lmem.c */,
				DB79FF722742D5BD005E904F /* loadlib.c */,
				DB79FF782742D5BD005E904F /* lobject.c */,
				DB79FF632742D5BC005E904F /* lopcodes.c */,
				DB9B7C30274A771A006B6F60 /* loslib.c */,
				DB79FF652742D5BC005E904F /* lparser.c */,
				DB79FF732742D5BD005E904F /* lstate.c */,
				DB79FF792742D5BD005E904F /* lstring.c */,
				DB79FF5D2742D5BB005E904F /* lstrlib.c */,
				DB79FF772742D5BD005E904F /* ltable.c */,
				DB79FF742742D5BD005E904F /* ltablib.c */,
				DB79FF682742D5BC005E904F /* ltm.c */,
				DB79FF5E2742D5BB005E904F /* lundump.c */,
				DB79FF622742D5BB005E904F /* lutf8lib.c */,
				DB79FF5F2742D5BB005E904F /* lvm.c */,
				DB79FF6A2742D5BC005E904F /* lzio.c */,
			);
			path = lua;
			sourceTree = "<group>";
		};
		DB79FFE12742E52B005E904F /* swift */ = {
			isa = PBXGroup;
			children = (
				DB7900212746C771005E904F /* lua_State.swift */,
				DB79FFE22742E52B005E904F /* opolua-bridge.h */,
				DB79FFE52742E596005E904F /* OpoInterpreter.swift */,
				DB79001B2746B88F005E904F /* OpoIoHandler.swift */,
				DB5AC9752757B6ED0043FE5C /* OpoIoHandler_CGExtensions.swift */,
			);
			path = swift;
			sourceTree = "<group>";
		};
		DB79FFE72742E631005E904F /* src */ = {
			isa = PBXGroup;
			children = (
				DB79FFE92742E631005E904F /* init.lua */,
				DB79FFE82742E631005E904F /* runtime.lua */,
				DBE91522276A9D0900BDB8F5 /* memory.lua */,
				DB79FFEA2742E631005E904F /* fns.lua */,
				DB79FFEB2742E631005E904F /* opofile.lua */,
				DB79FFEC2742E631005E904F /* runopo.lua */,
				DB79FFED2742E631005E904F /* dumpopo.lua */,
				DB79FFEE2742E631005E904F /* stack.lua */,
				DB5AC97B275CD5690043FE5C /* opl.lua */,
				DB79FFEF2742E631005E904F /* ops.lua */,
				DB7900242746D915005E904F /* defaultiohandler.lua */,
				DB5AC96F275198A20043FE5C /* database.lua */,
				DB5AC971275577980043FE5C /* mbm.lua */,
				DB5AC979275AC72A0043FE5C /* sound.lua */,
				DBACE9C2274F895D002612DF /* modules */,
				DB5AC97727583DC70043FE5C /* opx */,
			);
			path = src;
			sourceTree = "<group>";
		};
		DB9B7C32274A7B9B006B6F60 /* luaconf */ = {
			isa = PBXGroup;
			children = (
				DB9B7C33274A7B9B006B6F60 /* luauser.h */,
			);
			path = luaconf;
			sourceTree = "<group>";
		};
/* End PBXGroup section */

/* Begin PBXNativeTarget section */
		DB79FFA52742D88A005E904F /* OpoLua */ = {
			isa = PBXNativeTarget;
			buildConfigurationList = DB79FFB72742D88B005E904F /* Build configuration list for PBXNativeTarget "OpoLua" */;
			buildPhases = (
				DB79FFA22742D88A005E904F /* Sources */,
				DB79FFA32742D88A005E904F /* Frameworks */,
				DB79FFA42742D88A005E904F /* Resources */,
			);
			buildRules = (
			);
			dependencies = (
			);
			name = OpoLua;
			productName = "OpoLua (iOS)";
			productReference = DB79FFA62742D88A005E904F /* OpoLua.app */;
			productType = "com.apple.product-type.application";
		};
/* End PBXNativeTarget section */

/* Begin PBXProject section */
		DB79FE5727428292005E904F /* Project object */ = {
			isa = PBXProject;
			attributes = {
				LastSwiftUpdateCheck = 1250;
				LastUpgradeCheck = 1250;
				TargetAttributes = {
					DB79FFA52742D88A005E904F = {
						CreatedOnToolsVersion = 12.5.1;
					};
				};
			};
			buildConfigurationList = DB79FE5A27428292005E904F /* Build configuration list for PBXProject "OpoLua" */;
			compatibilityVersion = "Xcode 9.3";
			developmentRegion = en;
			hasScannedForEncodings = 0;
			knownRegions = (
				en,
				Base,
			);
			mainGroup = DB79FE5627428292005E904F;
			productRefGroup = DB79FE6027428292005E904F /* Products */;
			projectDirPath = "";
			projectRoot = "";
			targets = (
				DB79FFA52742D88A005E904F /* OpoLua */,
			);
		};
/* End PBXProject section */

/* Begin PBXResourcesBuildPhase section */
		DB79FFA42742D88A005E904F /* Resources */ = {
			isa = PBXResourcesBuildPhase;
			buildActionMask = 2147483647;
			files = (
				DBACE9C3274F895D002612DF /* modules in Resources */,
				D87A9249274C517000254DE9 /* Assets.xcassets in Resources */,
				DB5AC97A275AC72A0043FE5C /* sound.lua in Resources */,
				D893EAD5276073CA00E64219 /* Borders in Resources */,
				DB5AC970275198A20043FE5C /* database.lua in Resources */,
				DB5AC97827583DC70043FE5C /* opx in Resources */,
				DB79FFF22742E631005E904F /* fns.lua in Resources */,
				D8C679BD27484BF400BD8720 /* examples in Resources */,
				DB79FFF72742E631005E904F /* ops.lua in Resources */,
				DB79FFF52742E631005E904F /* dumpopo.lua in Resources */,
				DBE91523276A9D0A00BDB8F5 /* memory.lua in Resources */,
				DB79FFF62742E631005E904F /* stack.lua in Resources */,
				DB7900262746D915005E904F /* defaultiohandler.lua in Resources */,
				DB79FFF32742E631005E904F /* opofile.lua in Resources */,
				DB79FFF42742E631005E904F /* runopo.lua in Resources */,
				DB79FFF12742E631005E904F /* init.lua in Resources */,
				DB79FFF02742E631005E904F /* runtime.lua in Resources */,
				DB5AC972275577990043FE5C /* mbm.lua in Resources */,
				DB5AC97C275CD5690043FE5C /* opl.lua in Resources */,
			);
			runOnlyForDeploymentPostprocessing = 0;
		};
/* End PBXResourcesBuildPhase section */

/* Begin PBXSourcesBuildPhase section */
		DB79FFA22742D88A005E904F /* Sources */ = {
			isa = PBXSourcesBuildPhase;
			buildActionMask = 2147483647;
			files = (
				D8BA096E2751960F00F4730D /* TextFieldTableViewCell.swift in Sources */,
				D893EAD32760739500E64219 /* Border.swift in Sources */,
				DB7900232746C771005E904F /* lua_State.swift in Sources */,
				DB79001D2746BC33005E904F /* OpoIoHandler.swift in Sources */,
				DB79FFF82742E6F6005E904F /* lapi.c in Sources */,
				DB79FFF92742E6F6005E904F /* lauxlib.c in Sources */,
				DB79FFFA2742E6F6005E904F /* lbaselib.c in Sources */,
				DB79FFFB2742E6F6005E904F /* lbitlib.c in Sources */,
				DB79FFFC2742E6F6005E904F /* lcode.c in Sources */,
				DB79FFFD2742E6F6005E904F /* lcorolib.c in Sources */,
				DB79FFFE2742E6F6005E904F /* lctype.c in Sources */,
				DB79FFFF2742E6F6005E904F /* ldblib.c in Sources */,
				DB7900002742E6F6005E904F /* ldebug.c in Sources */,
				D8FE60052757177200711717 /* Settings.swift in Sources */,
				DB7900012742E6F6005E904F /* ldo.c in Sources */,
				DBE91525276D25AA00BDB8F5 /* UIKey.swift in Sources */,
				D8BA0970275196CA00F4730D /* String.swift in Sources */,
				D8FE60032757106300711717 /* Location.swift in Sources */,
				D8891353274C186E00794D55 /* Canvas.swift in Sources */,
				D8891345274BF25D00794D55 /* SwitchTableViewCell.swift in Sources */,
				D889134D274C17FF00794D55 /* CGContext.swift in Sources */,
				DB5AC9762757B6ED0043FE5C /* OpoIoHandler_CGExtensions.swift in Sources */,
				DB7900022742E6F6005E904F /* ldump.c in Sources */,
				D889134A274BF3B000794D55 /* TranslucentNavigationController.swift in Sources */,
				D89A607E2756A98200C9757F /* ViewController.swift in Sources */,
				DB7900032742E6F6005E904F /* lfunc.c in Sources */,
				DB7900042742E6F6005E904F /* lgc.c in Sources */,
				DB7900062742E6F6005E904F /* liolib.c in Sources */,
				D8EB6FF82759682000FC139F /* UITextView.swift in Sources */,
				DB7900072742E6F6005E904F /* llex.c in Sources */,
				DB7900082742E6F6005E904F /* lmathlib.c in Sources */,
				DB7900092742E6F6005E904F /* lmem.c in Sources */,
				DB79000A2742E6F6005E904F /* loadlib.c in Sources */,
				D8C712A6275AFC2300D83A3E /* HandleGenerator.swift in Sources */,
				D8EB6FFC2759BB3500FC139F /* ConcurrentBox.swift in Sources */,
				D861E8DB274A819D003C8D3D /* OPLObject.swift in Sources */,
				DB79000B2742E6F6005E904F /* lobject.c in Sources */,
				D8D50117275928CF008C1BC9 /* Scheduler.swift in Sources */,
				D8C679BA27483B5600BD8720 /* DirectoryViewController.swift in Sources */,
				D89A607A2756A2CC00C9757F /* FileManager.swift in Sources */,
				D8FE60072757201600711717 /* Bundle.swift in Sources */,
				DB79000C2742E6F6005E904F /* lopcodes.c in Sources */,
				D8BA09722751BBEA00F4730D /* UIElement.swift in Sources */,
				D889134F274C181F00794D55 /* CGPoint.swift in Sources */,
				D861E8DD274A81B4003C8D3D /* Directory.swift in Sources */,
				D87A62742752A67500075CB8 /* CGSize.swift in Sources */,
				D89A60802756AE8800C9757F /* LibraryViewController.swift in Sources */,
				DB79000E2742E6F6005E904F /* lparser.c in Sources */,
				DB79000F2742E6F6005E904F /* lstate.c in Sources */,
				DB7900102742E6F6005E904F /* lstring.c in Sources */,
				DB7900112742E6F6005E904F /* lstrlib.c in Sources */,
				D8891351274C184C00794D55 /* UIImage.swift in Sources */,
				DB7900122742E6F6005E904F /* ltable.c in Sources */,
				D8891347274BF2D200794D55 /* DialogViewController.swift in Sources */,
				D89A607C2756A6A300C9757F /* URL.swift in Sources */,
				DB9B7C31274A771A006B6F60 /* loslib.c in Sources */,
				DB7900132742E6F6005E904F /* ltablib.c in Sources */,
				DB7900142742E6F6005E904F /* ltm.c in Sources */,
				D8FE60092757208000711717 /* ApplicationError.swift in Sources */,
				DB7900152742E6F6005E904F /* lundump.c in Sources */,
				DB7900162742E6F6005E904F /* lutf8lib.c in Sources */,
				DB7900172742E6F6005E904F /* lvm.c in Sources */,
				D8891342274BF21900794D55 /* ChoiceViewController.swift in Sources */,
				DB5AC974275681510043FE5C /* CanvasView.swift in Sources */,
				DB7900182742E6F6005E904F /* lzio.c in Sources */,
				DB79FFE62742E596005E904F /* OpoInterpreter.swift in Sources */,
				D8C712A4275AF50D00D83A3E /* ConcurrentQueue.swift in Sources */,
				DB79FFDF2742DEBE005E904F /* AppDelegate.swift in Sources */,
				D8EB6FFA275995DB00FC139F /* Dictionary.swift in Sources */,
				DB79FFBE2742D99C005E904F /* ProgramViewController.swift in Sources */,
			);
			runOnlyForDeploymentPostprocessing = 0;
		};
/* End PBXSourcesBuildPhase section */

/* Begin XCBuildConfiguration section */
		DB79FE6B27428294005E904F /* Debug */ = {
			isa = XCBuildConfiguration;
			buildSettings = {
				ALWAYS_SEARCH_USER_PATHS = NO;
				CLANG_ANALYZER_NONNULL = YES;
				CLANG_ANALYZER_NUMBER_OBJECT_CONVERSION = YES_AGGRESSIVE;
				CLANG_CXX_LANGUAGE_STANDARD = "gnu++14";
				CLANG_CXX_LIBRARY = "libc++";
				CLANG_ENABLE_MODULES = YES;
				CLANG_ENABLE_OBJC_ARC = YES;
				CLANG_ENABLE_OBJC_WEAK = YES;
				CLANG_WARN_BLOCK_CAPTURE_AUTORELEASING = YES;
				CLANG_WARN_BOOL_CONVERSION = YES;
				CLANG_WARN_COMMA = YES;
				CLANG_WARN_CONSTANT_CONVERSION = YES;
				CLANG_WARN_DEPRECATED_OBJC_IMPLEMENTATIONS = YES;
				CLANG_WARN_DIRECT_OBJC_ISA_USAGE = YES_ERROR;
				CLANG_WARN_DOCUMENTATION_COMMENTS = YES;
				CLANG_WARN_EMPTY_BODY = YES;
				CLANG_WARN_ENUM_CONVERSION = YES;
				CLANG_WARN_INFINITE_RECURSION = YES;
				CLANG_WARN_INT_CONVERSION = YES;
				CLANG_WARN_NON_LITERAL_NULL_CONVERSION = YES;
				CLANG_WARN_OBJC_IMPLICIT_RETAIN_SELF = YES;
				CLANG_WARN_OBJC_LITERAL_CONVERSION = YES;
				CLANG_WARN_OBJC_ROOT_CLASS = YES_ERROR;
				CLANG_WARN_QUOTED_INCLUDE_IN_FRAMEWORK_HEADER = YES;
				CLANG_WARN_RANGE_LOOP_ANALYSIS = YES;
				CLANG_WARN_STRICT_PROTOTYPES = YES;
				CLANG_WARN_SUSPICIOUS_MOVE = YES;
				CLANG_WARN_UNGUARDED_AVAILABILITY = YES_AGGRESSIVE;
				CLANG_WARN_UNREACHABLE_CODE = YES;
				CLANG_WARN__DUPLICATE_METHOD_MATCH = YES;
				COPY_PHASE_STRIP = NO;
				DEBUG_INFORMATION_FORMAT = dwarf;
				ENABLE_STRICT_OBJC_MSGSEND = YES;
				ENABLE_TESTABILITY = YES;
				GCC_C_LANGUAGE_STANDARD = gnu11;
				GCC_DYNAMIC_NO_PIC = NO;
				GCC_NO_COMMON_BLOCKS = YES;
				GCC_OPTIMIZATION_LEVEL = 0;
				GCC_PREPROCESSOR_DEFINITIONS = (
					"DEBUG=1",
					"LUA_USER_H=<luauser.h>",
					LUA_USE_MACOSX,
					"$(inherited)",
				);
				GCC_WARN_64_TO_32_BIT_CONVERSION = YES;
				GCC_WARN_ABOUT_RETURN_TYPE = YES_ERROR;
				GCC_WARN_UNDECLARED_SELECTOR = YES;
				GCC_WARN_UNINITIALIZED_AUTOS = YES_AGGRESSIVE;
				GCC_WARN_UNUSED_FUNCTION = YES;
				GCC_WARN_UNUSED_VARIABLE = YES;
				HEADER_SEARCH_PATHS = (
					luaconf,
					lua,
				);
				IPHONEOS_DEPLOYMENT_TARGET = 15.0;
				MACOSX_DEPLOYMENT_TARGET = 11.3;
				MTL_ENABLE_DEBUG_INFO = INCLUDE_SOURCE;
				MTL_FAST_MATH = YES;
				ONLY_ACTIVE_ARCH = YES;
				SDKROOT = macosx;
				SWIFT_ACTIVE_COMPILATION_CONDITIONS = DEBUG;
				SWIFT_OBJC_BRIDGING_HEADER = "swift/opolua-bridge.h";
				SWIFT_OPTIMIZATION_LEVEL = "-Onone";
			};
			name = Debug;
		};
		DB79FE6C27428294005E904F /* Release */ = {
			isa = XCBuildConfiguration;
			buildSettings = {
				ALWAYS_SEARCH_USER_PATHS = NO;
				CLANG_ANALYZER_NONNULL = YES;
				CLANG_ANALYZER_NUMBER_OBJECT_CONVERSION = YES_AGGRESSIVE;
				CLANG_CXX_LANGUAGE_STANDARD = "gnu++14";
				CLANG_CXX_LIBRARY = "libc++";
				CLANG_ENABLE_MODULES = YES;
				CLANG_ENABLE_OBJC_ARC = YES;
				CLANG_ENABLE_OBJC_WEAK = YES;
				CLANG_WARN_BLOCK_CAPTURE_AUTORELEASING = YES;
				CLANG_WARN_BOOL_CONVERSION = YES;
				CLANG_WARN_COMMA = YES;
				CLANG_WARN_CONSTANT_CONVERSION = YES;
				CLANG_WARN_DEPRECATED_OBJC_IMPLEMENTATIONS = YES;
				CLANG_WARN_DIRECT_OBJC_ISA_USAGE = YES_ERROR;
				CLANG_WARN_DOCUMENTATION_COMMENTS = YES;
				CLANG_WARN_EMPTY_BODY = YES;
				CLANG_WARN_ENUM_CONVERSION = YES;
				CLANG_WARN_INFINITE_RECURSION = YES;
				CLANG_WARN_INT_CONVERSION = YES;
				CLANG_WARN_NON_LITERAL_NULL_CONVERSION = YES;
				CLANG_WARN_OBJC_IMPLICIT_RETAIN_SELF = YES;
				CLANG_WARN_OBJC_LITERAL_CONVERSION = YES;
				CLANG_WARN_OBJC_ROOT_CLASS = YES_ERROR;
				CLANG_WARN_QUOTED_INCLUDE_IN_FRAMEWORK_HEADER = YES;
				CLANG_WARN_RANGE_LOOP_ANALYSIS = YES;
				CLANG_WARN_STRICT_PROTOTYPES = YES;
				CLANG_WARN_SUSPICIOUS_MOVE = YES;
				CLANG_WARN_UNGUARDED_AVAILABILITY = YES_AGGRESSIVE;
				CLANG_WARN_UNREACHABLE_CODE = YES;
				CLANG_WARN__DUPLICATE_METHOD_MATCH = YES;
				COPY_PHASE_STRIP = NO;
				DEBUG_INFORMATION_FORMAT = "dwarf-with-dsym";
				ENABLE_NS_ASSERTIONS = NO;
				ENABLE_STRICT_OBJC_MSGSEND = YES;
				GCC_C_LANGUAGE_STANDARD = gnu11;
				GCC_NO_COMMON_BLOCKS = YES;
				GCC_PREPROCESSOR_DEFINITIONS = (
					"LUA_USER_H=<luauser.h>",
					LUA_USE_MACOSX,
				);
				GCC_WARN_64_TO_32_BIT_CONVERSION = YES;
				GCC_WARN_ABOUT_RETURN_TYPE = YES_ERROR;
				GCC_WARN_UNDECLARED_SELECTOR = YES;
				GCC_WARN_UNINITIALIZED_AUTOS = YES_AGGRESSIVE;
				GCC_WARN_UNUSED_FUNCTION = YES;
				GCC_WARN_UNUSED_VARIABLE = YES;
				HEADER_SEARCH_PATHS = (
					luaconf,
					lua,
				);
				IPHONEOS_DEPLOYMENT_TARGET = 15.0;
				MACOSX_DEPLOYMENT_TARGET = 11.3;
				MTL_ENABLE_DEBUG_INFO = NO;
				MTL_FAST_MATH = YES;
				SDKROOT = macosx;
				SWIFT_COMPILATION_MODE = wholemodule;
				SWIFT_OBJC_BRIDGING_HEADER = "swift/opolua-bridge.h";
				SWIFT_OPTIMIZATION_LEVEL = "-O";
			};
			name = Release;
		};
		DB79FFB82742D88B005E904F /* Debug */ = {
			isa = XCBuildConfiguration;
			buildSettings = {
				ASSETCATALOG_COMPILER_APPICON_NAME = AppIcon;
				ASSETCATALOG_COMPILER_GLOBAL_ACCENT_COLOR_NAME = AccentColor;
				CODE_SIGN_ENTITLEMENTS = OpoLua/OpoLua.entitlements;
				CODE_SIGN_STYLE = Automatic;
				DEVELOPMENT_TEAM = S4WXAUZQEV;
				ENABLE_PREVIEWS = YES;
				INFOPLIST_FILE = OpoLua/Info.plist;
				LD_RUNPATH_SEARCH_PATHS = (
					"$(inherited)",
					"@executable_path/Frameworks",
				);
				PRODUCT_BUNDLE_IDENTIFIER = com.me.tomsci.OpoLua;
				PRODUCT_NAME = OpoLua;
				SDKROOT = iphoneos;
				SUPPORTS_MACCATALYST = YES;
				SWIFT_VERSION = 5.0;
				TARGETED_DEVICE_FAMILY = "1,2,6";
			};
			name = Debug;
		};
		DB79FFB92742D88B005E904F /* Release */ = {
			isa = XCBuildConfiguration;
			buildSettings = {
				ASSETCATALOG_COMPILER_APPICON_NAME = AppIcon;
				ASSETCATALOG_COMPILER_GLOBAL_ACCENT_COLOR_NAME = AccentColor;
				CODE_SIGN_ENTITLEMENTS = OpoLua/OpoLua.entitlements;
				CODE_SIGN_STYLE = Automatic;
				DEVELOPMENT_TEAM = S4WXAUZQEV;
				ENABLE_PREVIEWS = YES;
				INFOPLIST_FILE = OpoLua/Info.plist;
				LD_RUNPATH_SEARCH_PATHS = (
					"$(inherited)",
					"@executable_path/Frameworks",
				);
				PRODUCT_BUNDLE_IDENTIFIER = com.me.tomsci.OpoLua;
				PRODUCT_NAME = OpoLua;
				SDKROOT = iphoneos;
				SUPPORTS_MACCATALYST = YES;
				SWIFT_VERSION = 5.0;
				TARGETED_DEVICE_FAMILY = "1,2,6";
				VALIDATE_PRODUCT = YES;
			};
			name = Release;
		};
/* End XCBuildConfiguration section */

/* Begin XCConfigurationList section */
		DB79FE5A27428292005E904F /* Build configuration list for PBXProject "OpoLua" */ = {
			isa = XCConfigurationList;
			buildConfigurations = (
				DB79FE6B27428294005E904F /* Debug */,
				DB79FE6C27428294005E904F /* Release */,
			);
			defaultConfigurationIsVisible = 0;
			defaultConfigurationName = Release;
		};
		DB79FFB72742D88B005E904F /* Build configuration list for PBXNativeTarget "OpoLua" */ = {
			isa = XCConfigurationList;
			buildConfigurations = (
				DB79FFB82742D88B005E904F /* Debug */,
				DB79FFB92742D88B005E904F /* Release */,
			);
			defaultConfigurationIsVisible = 0;
			defaultConfigurationName = Release;
		};
/* End XCConfigurationList section */
	};
	rootObject = DB79FE5727428292005E904F /* Project object */;
}
